// !$*UTF8*$!
{
	archiveVersion = 1;
	classes = {
	};
	objectVersion = 50;
	objects = {

/* Begin PBXBuildFile section */
		4C119B1923DCC76200223C7B /* main.swift in Sources */ = {isa = PBXBuildFile; fileRef = 4C119B1823DCC76200223C7B /* main.swift */; };
		4C119B1E23DCC7EC00223C7B /* input.swift in Sources */ = {isa = PBXBuildFile; fileRef = 4C119B1D23DCC7EC00223C7B /* input.swift */; };
		4C119B2623DCC95B00223C7B /* main.swift in Sources */ = {isa = PBXBuildFile; fileRef = 4C119B2523DCC95B00223C7B /* main.swift */; };
		4C119B2B23DCCA0300223C7B /* input.swift in Sources */ = {isa = PBXBuildFile; fileRef = 4C119B2A23DCCA0300223C7B /* input.swift */; };
		4C119B2D23DCCA1800223C7B /* PriorityQueue.swift in Sources */ = {isa = PBXBuildFile; fileRef = 4C119B2C23DCCA1700223C7B /* PriorityQueue.swift */; };
		4C119B3523DCCB0300223C7B /* main.swift in Sources */ = {isa = PBXBuildFile; fileRef = 4C119B3423DCCB0300223C7B /* main.swift */; };
		4C119B3A23DCCB9D00223C7B /* input.swift in Sources */ = {isa = PBXBuildFile; fileRef = 4C119B3923DCCB9D00223C7B /* input.swift */; };
		4C119B4223DCCCCB00223C7B /* main.swift in Sources */ = {isa = PBXBuildFile; fileRef = 4C119B4123DCCCCB00223C7B /* main.swift */; };
		4C119B4723DCCD7D00223C7B /* input.swift in Sources */ = {isa = PBXBuildFile; fileRef = 4C119B4623DCCD7D00223C7B /* input.swift */; };
		4C3369232398168F00CEA50D /* main.swift in Sources */ = {isa = PBXBuildFile; fileRef = 4C3369222398168F00CEA50D /* main.swift */; };
		4C49C877239EA60200B9B23E /* main.swift in Sources */ = {isa = PBXBuildFile; fileRef = 4C49C876239EA60200B9B23E /* main.swift */; };
		4C49C87C239EA62500B9B23E /* input.swift in Sources */ = {isa = PBXBuildFile; fileRef = 4C49C87B239EA62500B9B23E /* input.swift */; };
		4C659D7723AD3D5F003C138A /* main.swift in Sources */ = {isa = PBXBuildFile; fileRef = 4C659D7623AD3D5F003C138A /* main.swift */; };
		4C659D7C23AD3D80003C138A /* input.swift in Sources */ = {isa = PBXBuildFile; fileRef = 4C659D7B23AD3D80003C138A /* input.swift */; };
		4C6AE3EB23B15FF300B450BF /* main.swift in Sources */ = {isa = PBXBuildFile; fileRef = 4C6AE3EA23B15FF300B450BF /* main.swift */; };
		4C6AE3F023B1601100B450BF /* input.swift in Sources */ = {isa = PBXBuildFile; fileRef = 4C6AE3EF23B1601100B450BF /* input.swift */; };
		4C7AF52D23996CD600746AFC /* main.swift in Sources */ = {isa = PBXBuildFile; fileRef = 4C7AF52C23996CD600746AFC /* main.swift */; };
		4C7AF53223996CED00746AFC /* input.swift in Sources */ = {isa = PBXBuildFile; fileRef = 4C7AF53123996CED00746AFC /* input.swift */; };
		4C7FD0E7239FFEB600422716 /* main.swift in Sources */ = {isa = PBXBuildFile; fileRef = 4C7FD0E6239FFEB600422716 /* main.swift */; };
		4C7FD0EC239FFED100422716 /* input.swift in Sources */ = {isa = PBXBuildFile; fileRef = 4C7FD0EB239FFED100422716 /* input.swift */; };
		4C861B5023956FDD00E71FB5 /* main.swift in Sources */ = {isa = PBXBuildFile; fileRef = 4C861B4F23956FDC00E71FB5 /* main.swift */; };
		4C861B552395706100E71FB5 /* input.swift in Sources */ = {isa = PBXBuildFile; fileRef = 4C861B542395706100E71FB5 /* input.swift */; };
		4C8C52E623A964F400646C1E /* main.swift in Sources */ = {isa = PBXBuildFile; fileRef = 4C8C52E523A964F400646C1E /* main.swift */; };
		4C8C52F123A9679400646C1E /* main.swift in Sources */ = {isa = PBXBuildFile; fileRef = 4C8C52F023A9679400646C1E /* main.swift */; };
		4C8C52F623A967E200646C1E /* input.swift in Sources */ = {isa = PBXBuildFile; fileRef = 4C8C52F523A967E200646C1E /* input.swift */; };
		4C9064E023A4430A001099C7 /* main.swift in Sources */ = {isa = PBXBuildFile; fileRef = 4C9064DF23A4430A001099C7 /* main.swift */; };
		4C9064E523A443B9001099C7 /* input.swift in Sources */ = {isa = PBXBuildFile; fileRef = 4C9064E423A443B9001099C7 /* input.swift */; };
		4C9E7ECA2396CD0B00A49CF2 /* main.swift in Sources */ = {isa = PBXBuildFile; fileRef = 4C9E7EC92396CD0B00A49CF2 /* main.swift */; };
		4C9E7ECF2396CD2B00A49CF2 /* input.swift in Sources */ = {isa = PBXBuildFile; fileRef = 4C9E7ECE2396CD2B00A49CF2 /* input.swift */; };
		4CA33E15239AC7040054FB5F /* main.swift in Sources */ = {isa = PBXBuildFile; fileRef = 4CA33E14239AC7040054FB5F /* main.swift */; };
		4CA4B870239A982A00D21DF1 /* main.swift in Sources */ = {isa = PBXBuildFile; fileRef = 4CA4B86F239A982A00D21DF1 /* main.swift */; };
		4CA4B875239A984A00D21DF1 /* input.swift in Sources */ = {isa = PBXBuildFile; fileRef = 4CA4B874239A984A00D21DF1 /* input.swift */; };
		4CAD62E3239CB9A90046B5FE /* main.swift in Sources */ = {isa = PBXBuildFile; fileRef = 4CAD62E2239CB9A90046B5FE /* main.swift */; };
		4CAD62E8239CB9D50046B5FE /* input.swift in Sources */ = {isa = PBXBuildFile; fileRef = 4CAD62E7239CB9D50046B5FE /* input.swift */; };
		4CB25D00239B6B1800872CC1 /* input.swift in Sources */ = {isa = PBXBuildFile; fileRef = 4CB25CFF239B6B1800872CC1 /* input.swift */; };
		4CB8ADCE23DC42B800B37310 /* main.swift in Sources */ = {isa = PBXBuildFile; fileRef = 4CB8ADCD23DC42B800B37310 /* main.swift */; };
		4CB8ADD323DC43D100B37310 /* input.swift in Sources */ = {isa = PBXBuildFile; fileRef = 4CB8ADD223DC43D100B37310 /* input.swift */; };
		4CB8ADDB23DC44AE00B37310 /* main.swift in Sources */ = {isa = PBXBuildFile; fileRef = 4CB8ADDA23DC44AE00B37310 /* main.swift */; };
		4CB8ADE023DC451E00B37310 /* input.swift in Sources */ = {isa = PBXBuildFile; fileRef = 4CB8ADDF23DC451E00B37310 /* input.swift */; };
		4CF427C423940FBE004CAD34 /* main.swift in Sources */ = {isa = PBXBuildFile; fileRef = 4CF427C323940FBE004CAD34 /* main.swift */; };
		4CF427CC2394100E004CAD34 /* input.swift in Sources */ = {isa = PBXBuildFile; fileRef = 4CF427CB2394100E004CAD34 /* input.swift */; };
/* End PBXBuildFile section */

/* Begin PBXCopyFilesBuildPhase section */
		4C119B1423DCC76200223C7B /* CopyFiles */ = {
			isa = PBXCopyFilesBuildPhase;
			buildActionMask = 2147483647;
			dstPath = /usr/share/man/man1/;
			dstSubfolderSpec = 0;
			files = (
			);
			runOnlyForDeploymentPostprocessing = 1;
		};
		4C119B2123DCC95B00223C7B /* CopyFiles */ = {
			isa = PBXCopyFilesBuildPhase;
			buildActionMask = 2147483647;
			dstPath = /usr/share/man/man1/;
			dstSubfolderSpec = 0;
			files = (
			);
			runOnlyForDeploymentPostprocessing = 1;
		};
		4C119B3023DCCB0300223C7B /* CopyFiles */ = {
			isa = PBXCopyFilesBuildPhase;
			buildActionMask = 2147483647;
			dstPath = /usr/share/man/man1/;
			dstSubfolderSpec = 0;
			files = (
			);
			runOnlyForDeploymentPostprocessing = 1;
		};
		4C119B3D23DCCCCB00223C7B /* CopyFiles */ = {
			isa = PBXCopyFilesBuildPhase;
			buildActionMask = 2147483647;
			dstPath = /usr/share/man/man1/;
			dstSubfolderSpec = 0;
			files = (
			);
			runOnlyForDeploymentPostprocessing = 1;
		};
		4C33691E2398168F00CEA50D /* CopyFiles */ = {
			isa = PBXCopyFilesBuildPhase;
			buildActionMask = 2147483647;
			dstPath = /usr/share/man/man1/;
			dstSubfolderSpec = 0;
			files = (
			);
			runOnlyForDeploymentPostprocessing = 1;
		};
		4C49C872239EA60200B9B23E /* CopyFiles */ = {
			isa = PBXCopyFilesBuildPhase;
			buildActionMask = 2147483647;
			dstPath = /usr/share/man/man1/;
			dstSubfolderSpec = 0;
			files = (
			);
			runOnlyForDeploymentPostprocessing = 1;
		};
		4C659D7223AD3D5F003C138A /* CopyFiles */ = {
			isa = PBXCopyFilesBuildPhase;
			buildActionMask = 2147483647;
			dstPath = /usr/share/man/man1/;
			dstSubfolderSpec = 0;
			files = (
			);
			runOnlyForDeploymentPostprocessing = 1;
		};
		4C6AE3E623B15FF300B450BF /* CopyFiles */ = {
			isa = PBXCopyFilesBuildPhase;
			buildActionMask = 2147483647;
			dstPath = /usr/share/man/man1/;
			dstSubfolderSpec = 0;
			files = (
			);
			runOnlyForDeploymentPostprocessing = 1;
		};
		4C7AF52823996CD600746AFC /* CopyFiles */ = {
			isa = PBXCopyFilesBuildPhase;
			buildActionMask = 2147483647;
			dstPath = /usr/share/man/man1/;
			dstSubfolderSpec = 0;
			files = (
			);
			runOnlyForDeploymentPostprocessing = 1;
		};
		4C7FD0E2239FFEB600422716 /* CopyFiles */ = {
			isa = PBXCopyFilesBuildPhase;
			buildActionMask = 2147483647;
			dstPath = /usr/share/man/man1/;
			dstSubfolderSpec = 0;
			files = (
			);
			runOnlyForDeploymentPostprocessing = 1;
		};
		4C861B4B23956FDC00E71FB5 /* CopyFiles */ = {
			isa = PBXCopyFilesBuildPhase;
			buildActionMask = 2147483647;
			dstPath = /usr/share/man/man1/;
			dstSubfolderSpec = 0;
			files = (
			);
			runOnlyForDeploymentPostprocessing = 1;
		};
		4C8C52E123A964F400646C1E /* CopyFiles */ = {
			isa = PBXCopyFilesBuildPhase;
			buildActionMask = 2147483647;
			dstPath = /usr/share/man/man1/;
			dstSubfolderSpec = 0;
			files = (
			);
			runOnlyForDeploymentPostprocessing = 1;
		};
		4C8C52EC23A9679400646C1E /* CopyFiles */ = {
			isa = PBXCopyFilesBuildPhase;
			buildActionMask = 2147483647;
			dstPath = /usr/share/man/man1/;
			dstSubfolderSpec = 0;
			files = (
			);
			runOnlyForDeploymentPostprocessing = 1;
		};
		4C9064DB23A4430A001099C7 /* CopyFiles */ = {
			isa = PBXCopyFilesBuildPhase;
			buildActionMask = 2147483647;
			dstPath = /usr/share/man/man1/;
			dstSubfolderSpec = 0;
			files = (
			);
			runOnlyForDeploymentPostprocessing = 1;
		};
		4C9E7EC52396CD0B00A49CF2 /* CopyFiles */ = {
			isa = PBXCopyFilesBuildPhase;
			buildActionMask = 2147483647;
			dstPath = /usr/share/man/man1/;
			dstSubfolderSpec = 0;
			files = (
			);
			runOnlyForDeploymentPostprocessing = 1;
		};
		4CA33E10239AC7040054FB5F /* CopyFiles */ = {
			isa = PBXCopyFilesBuildPhase;
			buildActionMask = 2147483647;
			dstPath = /usr/share/man/man1/;
			dstSubfolderSpec = 0;
			files = (
			);
			runOnlyForDeploymentPostprocessing = 1;
		};
		4CA4B86B239A982A00D21DF1 /* CopyFiles */ = {
			isa = PBXCopyFilesBuildPhase;
			buildActionMask = 2147483647;
			dstPath = /usr/share/man/man1/;
			dstSubfolderSpec = 0;
			files = (
			);
			runOnlyForDeploymentPostprocessing = 1;
		};
		4CAD62DE239CB9A90046B5FE /* CopyFiles */ = {
			isa = PBXCopyFilesBuildPhase;
			buildActionMask = 2147483647;
			dstPath = /usr/share/man/man1/;
			dstSubfolderSpec = 0;
			files = (
			);
			runOnlyForDeploymentPostprocessing = 1;
		};
		4CB8ADC923DC42B800B37310 /* CopyFiles */ = {
			isa = PBXCopyFilesBuildPhase;
			buildActionMask = 2147483647;
			dstPath = /usr/share/man/man1/;
			dstSubfolderSpec = 0;
			files = (
			);
			runOnlyForDeploymentPostprocessing = 1;
		};
		4CB8ADD623DC44AE00B37310 /* CopyFiles */ = {
			isa = PBXCopyFilesBuildPhase;
			buildActionMask = 2147483647;
			dstPath = /usr/share/man/man1/;
			dstSubfolderSpec = 0;
			files = (
			);
			runOnlyForDeploymentPostprocessing = 1;
		};
		4CF427BE23940FBE004CAD34 /* CopyFiles */ = {
			isa = PBXCopyFilesBuildPhase;
			buildActionMask = 2147483647;
			dstPath = /usr/share/man/man1/;
			dstSubfolderSpec = 0;
			files = (
			);
			runOnlyForDeploymentPostprocessing = 1;
		};
/* End PBXCopyFilesBuildPhase section */

/* Begin PBXFileReference section */
		4C119B1623DCC76200223C7B /* Day19 */ = {isa = PBXFileReference; explicitFileType = "compiled.mach-o.executable"; includeInIndex = 0; path = Day19; sourceTree = BUILT_PRODUCTS_DIR; };
		4C119B1823DCC76200223C7B /* main.swift */ = {isa = PBXFileReference; lastKnownFileType = sourcecode.swift; path = main.swift; sourceTree = "<group>"; };
		4C119B1D23DCC7EC00223C7B /* input.swift */ = {isa = PBXFileReference; fileEncoding = 4; lastKnownFileType = sourcecode.swift; path = input.swift; sourceTree = "<group>"; };
		4C119B2323DCC95B00223C7B /* Day20 */ = {isa = PBXFileReference; explicitFileType = "compiled.mach-o.executable"; includeInIndex = 0; path = Day20; sourceTree = BUILT_PRODUCTS_DIR; };
		4C119B2523DCC95B00223C7B /* main.swift */ = {isa = PBXFileReference; lastKnownFileType = sourcecode.swift; path = main.swift; sourceTree = "<group>"; };
		4C119B2A23DCCA0300223C7B /* input.swift */ = {isa = PBXFileReference; fileEncoding = 4; lastKnownFileType = sourcecode.swift; path = input.swift; sourceTree = "<group>"; };
		4C119B2C23DCCA1700223C7B /* PriorityQueue.swift */ = {isa = PBXFileReference; fileEncoding = 4; lastKnownFileType = sourcecode.swift; path = PriorityQueue.swift; sourceTree = "<group>"; };
		4C119B3223DCCB0300223C7B /* Day21 */ = {isa = PBXFileReference; explicitFileType = "compiled.mach-o.executable"; includeInIndex = 0; path = Day21; sourceTree = BUILT_PRODUCTS_DIR; };
		4C119B3423DCCB0300223C7B /* main.swift */ = {isa = PBXFileReference; lastKnownFileType = sourcecode.swift; path = main.swift; sourceTree = "<group>"; };
		4C119B3923DCCB9D00223C7B /* input.swift */ = {isa = PBXFileReference; fileEncoding = 4; lastKnownFileType = sourcecode.swift; path = input.swift; sourceTree = "<group>"; };
		4C119B3F23DCCCCB00223C7B /* Day22 */ = {isa = PBXFileReference; explicitFileType = "compiled.mach-o.executable"; includeInIndex = 0; path = Day22; sourceTree = BUILT_PRODUCTS_DIR; };
		4C119B4123DCCCCB00223C7B /* main.swift */ = {isa = PBXFileReference; lastKnownFileType = sourcecode.swift; path = main.swift; sourceTree = "<group>"; };
		4C119B4623DCCD7D00223C7B /* input.swift */ = {isa = PBXFileReference; fileEncoding = 4; lastKnownFileType = sourcecode.swift; path = input.swift; sourceTree = "<group>"; };
		4C3369202398168F00CEA50D /* Day04 */ = {isa = PBXFileReference; explicitFileType = "compiled.mach-o.executable"; includeInIndex = 0; path = Day04; sourceTree = BUILT_PRODUCTS_DIR; };
		4C3369222398168F00CEA50D /* main.swift */ = {isa = PBXFileReference; lastKnownFileType = sourcecode.swift; path = main.swift; sourceTree = "<group>"; };
		4C49C874239EA60200B9B23E /* Day09 */ = {isa = PBXFileReference; explicitFileType = "compiled.mach-o.executable"; includeInIndex = 0; path = Day09; sourceTree = BUILT_PRODUCTS_DIR; };
		4C49C876239EA60200B9B23E /* main.swift */ = {isa = PBXFileReference; lastKnownFileType = sourcecode.swift; path = main.swift; sourceTree = "<group>"; };
		4C49C87B239EA62500B9B23E /* input.swift */ = {isa = PBXFileReference; lastKnownFileType = sourcecode.swift; path = input.swift; sourceTree = "<group>"; };
		4C659D7423AD3D5F003C138A /* Day14 */ = {isa = PBXFileReference; explicitFileType = "compiled.mach-o.executable"; includeInIndex = 0; path = Day14; sourceTree = BUILT_PRODUCTS_DIR; };
		4C659D7623AD3D5F003C138A /* main.swift */ = {isa = PBXFileReference; lastKnownFileType = sourcecode.swift; path = main.swift; sourceTree = "<group>"; };
		4C659D7B23AD3D80003C138A /* input.swift */ = {isa = PBXFileReference; lastKnownFileType = sourcecode.swift; path = input.swift; sourceTree = "<group>"; };
		4C6AE3E823B15FF300B450BF /* Day15 */ = {isa = PBXFileReference; explicitFileType = "compiled.mach-o.executable"; includeInIndex = 0; path = Day15; sourceTree = BUILT_PRODUCTS_DIR; };
		4C6AE3EA23B15FF300B450BF /* main.swift */ = {isa = PBXFileReference; lastKnownFileType = sourcecode.swift; path = main.swift; sourceTree = "<group>"; };
		4C6AE3EF23B1601100B450BF /* input.swift */ = {isa = PBXFileReference; lastKnownFileType = sourcecode.swift; path = input.swift; sourceTree = "<group>"; };
		4C7AF52A23996CD600746AFC /* Day05 */ = {isa = PBXFileReference; explicitFileType = "compiled.mach-o.executable"; includeInIndex = 0; path = Day05; sourceTree = BUILT_PRODUCTS_DIR; };
		4C7AF52C23996CD600746AFC /* main.swift */ = {isa = PBXFileReference; lastKnownFileType = sourcecode.swift; path = main.swift; sourceTree = "<group>"; };
		4C7AF53123996CED00746AFC /* input.swift */ = {isa = PBXFileReference; lastKnownFileType = sourcecode.swift; path = input.swift; sourceTree = "<group>"; };
		4C7FD0E4239FFEB600422716 /* Day10 */ = {isa = PBXFileReference; explicitFileType = "compiled.mach-o.executable"; includeInIndex = 0; path = Day10; sourceTree = BUILT_PRODUCTS_DIR; };
		4C7FD0E6239FFEB600422716 /* main.swift */ = {isa = PBXFileReference; lastKnownFileType = sourcecode.swift; path = main.swift; sourceTree = "<group>"; };
		4C7FD0EB239FFED100422716 /* input.swift */ = {isa = PBXFileReference; lastKnownFileType = sourcecode.swift; path = input.swift; sourceTree = "<group>"; };
		4C861B4D23956FDC00E71FB5 /* Day02 */ = {isa = PBXFileReference; explicitFileType = "compiled.mach-o.executable"; includeInIndex = 0; path = Day02; sourceTree = BUILT_PRODUCTS_DIR; };
		4C861B4F23956FDC00E71FB5 /* main.swift */ = {isa = PBXFileReference; lastKnownFileType = sourcecode.swift; path = main.swift; sourceTree = "<group>"; };
		4C861B542395706100E71FB5 /* input.swift */ = {isa = PBXFileReference; lastKnownFileType = sourcecode.swift; path = input.swift; sourceTree = "<group>"; };
		4C8C52E323A964F400646C1E /* Day12 */ = {isa = PBXFileReference; explicitFileType = "compiled.mach-o.executable"; includeInIndex = 0; path = Day12; sourceTree = BUILT_PRODUCTS_DIR; };
		4C8C52E523A964F400646C1E /* main.swift */ = {isa = PBXFileReference; lastKnownFileType = sourcecode.swift; path = main.swift; sourceTree = "<group>"; };
		4C8C52EE23A9679400646C1E /* Day13 */ = {isa = PBXFileReference; explicitFileType = "compiled.mach-o.executable"; includeInIndex = 0; path = Day13; sourceTree = BUILT_PRODUCTS_DIR; };
		4C8C52F023A9679400646C1E /* main.swift */ = {isa = PBXFileReference; lastKnownFileType = sourcecode.swift; path = main.swift; sourceTree = "<group>"; };
		4C8C52F523A967E200646C1E /* input.swift */ = {isa = PBXFileReference; lastKnownFileType = sourcecode.swift; path = input.swift; sourceTree = "<group>"; };
		4C9064DD23A4430A001099C7 /* Day11 */ = {isa = PBXFileReference; explicitFileType = "compiled.mach-o.executable"; includeInIndex = 0; path = Day11; sourceTree = BUILT_PRODUCTS_DIR; };
		4C9064DF23A4430A001099C7 /* main.swift */ = {isa = PBXFileReference; lastKnownFileType = sourcecode.swift; path = main.swift; sourceTree = "<group>"; };
		4C9064E423A443B9001099C7 /* input.swift */ = {isa = PBXFileReference; fileEncoding = 4; lastKnownFileType = sourcecode.swift; path = input.swift; sourceTree = "<group>"; };
		4C9E7EC72396CD0B00A49CF2 /* Day03 */ = {isa = PBXFileReference; explicitFileType = "compiled.mach-o.executable"; includeInIndex = 0; path = Day03; sourceTree = BUILT_PRODUCTS_DIR; };
		4C9E7EC92396CD0B00A49CF2 /* main.swift */ = {isa = PBXFileReference; lastKnownFileType = sourcecode.swift; path = main.swift; sourceTree = "<group>"; };
		4C9E7ECE2396CD2B00A49CF2 /* input.swift */ = {isa = PBXFileReference; lastKnownFileType = sourcecode.swift; path = input.swift; sourceTree = "<group>"; };
		4CA33E12239AC7040054FB5F /* Day07 */ = {isa = PBXFileReference; explicitFileType = "compiled.mach-o.executable"; includeInIndex = 0; path = Day07; sourceTree = BUILT_PRODUCTS_DIR; };
		4CA33E14239AC7040054FB5F /* main.swift */ = {isa = PBXFileReference; lastKnownFileType = sourcecode.swift; path = main.swift; sourceTree = "<group>"; };
		4CA4B86D239A982A00D21DF1 /* Day06 */ = {isa = PBXFileReference; explicitFileType = "compiled.mach-o.executable"; includeInIndex = 0; path = Day06; sourceTree = BUILT_PRODUCTS_DIR; };
		4CA4B86F239A982A00D21DF1 /* main.swift */ = {isa = PBXFileReference; lastKnownFileType = sourcecode.swift; path = main.swift; sourceTree = "<group>"; };
		4CA4B874239A984A00D21DF1 /* input.swift */ = {isa = PBXFileReference; lastKnownFileType = sourcecode.swift; path = input.swift; sourceTree = "<group>"; };
		4CAD62E0239CB9A90046B5FE /* Day08 */ = {isa = PBXFileReference; explicitFileType = "compiled.mach-o.executable"; includeInIndex = 0; path = Day08; sourceTree = BUILT_PRODUCTS_DIR; };
		4CAD62E2239CB9A90046B5FE /* main.swift */ = {isa = PBXFileReference; lastKnownFileType = sourcecode.swift; path = main.swift; sourceTree = "<group>"; };
		4CAD62E7239CB9D50046B5FE /* input.swift */ = {isa = PBXFileReference; lastKnownFileType = sourcecode.swift; path = input.swift; sourceTree = "<group>"; };
		4CB25CFF239B6B1800872CC1 /* input.swift */ = {isa = PBXFileReference; lastKnownFileType = sourcecode.swift; path = input.swift; sourceTree = "<group>"; };
		4CB8ADCB23DC42B800B37310 /* Day16 */ = {isa = PBXFileReference; explicitFileType = "compiled.mach-o.executable"; includeInIndex = 0; path = Day16; sourceTree = BUILT_PRODUCTS_DIR; };
		4CB8ADCD23DC42B800B37310 /* main.swift */ = {isa = PBXFileReference; lastKnownFileType = sourcecode.swift; path = main.swift; sourceTree = "<group>"; };
		4CB8ADD223DC43D100B37310 /* input.swift */ = {isa = PBXFileReference; fileEncoding = 4; lastKnownFileType = sourcecode.swift; path = input.swift; sourceTree = "<group>"; };
		4CB8ADD823DC44AE00B37310 /* Day17 */ = {isa = PBXFileReference; explicitFileType = "compiled.mach-o.executable"; includeInIndex = 0; path = Day17; sourceTree = BUILT_PRODUCTS_DIR; };
		4CB8ADDA23DC44AE00B37310 /* main.swift */ = {isa = PBXFileReference; lastKnownFileType = sourcecode.swift; path = main.swift; sourceTree = "<group>"; };
		4CB8ADDF23DC451E00B37310 /* input.swift */ = {isa = PBXFileReference; fileEncoding = 4; lastKnownFileType = sourcecode.swift; path = input.swift; sourceTree = "<group>"; };
		4CF427C023940FBE004CAD34 /* Day01 */ = {isa = PBXFileReference; explicitFileType = "compiled.mach-o.executable"; includeInIndex = 0; path = Day01; sourceTree = BUILT_PRODUCTS_DIR; };
		4CF427C323940FBE004CAD34 /* main.swift */ = {isa = PBXFileReference; lastKnownFileType = sourcecode.swift; path = main.swift; sourceTree = "<group>"; };
		4CF427CB2394100E004CAD34 /* input.swift */ = {isa = PBXFileReference; lastKnownFileType = sourcecode.swift; path = input.swift; sourceTree = "<group>"; };
		4CF427CD23941041004CAD34 /* LICENSE.txt */ = {isa = PBXFileReference; lastKnownFileType = text; path = LICENSE.txt; sourceTree = "<group>"; };
		4CF427CE239417C8004CAD34 /* README.md */ = {isa = PBXFileReference; lastKnownFileType = net.daringfireball.markdown; path = README.md; sourceTree = "<group>"; };
/* End PBXFileReference section */

/* Begin PBXFrameworksBuildPhase section */
		4C119B1323DCC76200223C7B /* Frameworks */ = {
			isa = PBXFrameworksBuildPhase;
			buildActionMask = 2147483647;
			files = (
			);
			runOnlyForDeploymentPostprocessing = 0;
		};
		4C119B2023DCC95B00223C7B /* Frameworks */ = {
			isa = PBXFrameworksBuildPhase;
			buildActionMask = 2147483647;
			files = (
			);
			runOnlyForDeploymentPostprocessing = 0;
		};
		4C119B2F23DCCB0300223C7B /* Frameworks */ = {
			isa = PBXFrameworksBuildPhase;
			buildActionMask = 2147483647;
			files = (
			);
			runOnlyForDeploymentPostprocessing = 0;
		};
		4C119B3C23DCCCCB00223C7B /* Frameworks */ = {
			isa = PBXFrameworksBuildPhase;
			buildActionMask = 2147483647;
			files = (
			);
			runOnlyForDeploymentPostprocessing = 0;
		};
		4C33691D2398168F00CEA50D /* Frameworks */ = {
			isa = PBXFrameworksBuildPhase;
			buildActionMask = 2147483647;
			files = (
			);
			runOnlyForDeploymentPostprocessing = 0;
		};
		4C49C871239EA60200B9B23E /* Frameworks */ = {
			isa = PBXFrameworksBuildPhase;
			buildActionMask = 2147483647;
			files = (
			);
			runOnlyForDeploymentPostprocessing = 0;
		};
		4C659D7123AD3D5F003C138A /* Frameworks */ = {
			isa = PBXFrameworksBuildPhase;
			buildActionMask = 2147483647;
			files = (
			);
			runOnlyForDeploymentPostprocessing = 0;
		};
		4C6AE3E523B15FF300B450BF /* Frameworks */ = {
			isa = PBXFrameworksBuildPhase;
			buildActionMask = 2147483647;
			files = (
			);
			runOnlyForDeploymentPostprocessing = 0;
		};
		4C7AF52723996CD600746AFC /* Frameworks */ = {
			isa = PBXFrameworksBuildPhase;
			buildActionMask = 2147483647;
			files = (
			);
			runOnlyForDeploymentPostprocessing = 0;
		};
		4C7FD0E1239FFEB600422716 /* Frameworks */ = {
			isa = PBXFrameworksBuildPhase;
			buildActionMask = 2147483647;
			files = (
			);
			runOnlyForDeploymentPostprocessing = 0;
		};
		4C861B4A23956FDC00E71FB5 /* Frameworks */ = {
			isa = PBXFrameworksBuildPhase;
			buildActionMask = 2147483647;
			files = (
			);
			runOnlyForDeploymentPostprocessing = 0;
		};
		4C8C52E023A964F400646C1E /* Frameworks */ = {
			isa = PBXFrameworksBuildPhase;
			buildActionMask = 2147483647;
			files = (
			);
			runOnlyForDeploymentPostprocessing = 0;
		};
		4C8C52EB23A9679400646C1E /* Frameworks */ = {
			isa = PBXFrameworksBuildPhase;
			buildActionMask = 2147483647;
			files = (
			);
			runOnlyForDeploymentPostprocessing = 0;
		};
		4C9064DA23A4430A001099C7 /* Frameworks */ = {
			isa = PBXFrameworksBuildPhase;
			buildActionMask = 2147483647;
			files = (
			);
			runOnlyForDeploymentPostprocessing = 0;
		};
		4C9E7EC42396CD0B00A49CF2 /* Frameworks */ = {
			isa = PBXFrameworksBuildPhase;
			buildActionMask = 2147483647;
			files = (
			);
			runOnlyForDeploymentPostprocessing = 0;
		};
		4CA33E0F239AC7040054FB5F /* Frameworks */ = {
			isa = PBXFrameworksBuildPhase;
			buildActionMask = 2147483647;
			files = (
			);
			runOnlyForDeploymentPostprocessing = 0;
		};
		4CA4B86A239A982A00D21DF1 /* Frameworks */ = {
			isa = PBXFrameworksBuildPhase;
			buildActionMask = 2147483647;
			files = (
			);
			runOnlyForDeploymentPostprocessing = 0;
		};
		4CAD62DD239CB9A90046B5FE /* Frameworks */ = {
			isa = PBXFrameworksBuildPhase;
			buildActionMask = 2147483647;
			files = (
			);
			runOnlyForDeploymentPostprocessing = 0;
		};
		4CB8ADC823DC42B800B37310 /* Frameworks */ = {
			isa = PBXFrameworksBuildPhase;
			buildActionMask = 2147483647;
			files = (
			);
			runOnlyForDeploymentPostprocessing = 0;
		};
		4CB8ADD523DC44AE00B37310 /* Frameworks */ = {
			isa = PBXFrameworksBuildPhase;
			buildActionMask = 2147483647;
			files = (
			);
			runOnlyForDeploymentPostprocessing = 0;
		};
		4CF427BD23940FBE004CAD34 /* Frameworks */ = {
			isa = PBXFrameworksBuildPhase;
			buildActionMask = 2147483647;
			files = (
			);
			runOnlyForDeploymentPostprocessing = 0;
		};
/* End PBXFrameworksBuildPhase section */

/* Begin PBXGroup section */
		4C119B1723DCC76200223C7B /* Day19 */ = {
			isa = PBXGroup;
			children = (
				4C119B1D23DCC7EC00223C7B /* input.swift */,
				4C119B1823DCC76200223C7B /* main.swift */,
			);
			path = Day19;
			sourceTree = "<group>";
		};
		4C119B2423DCC95B00223C7B /* Day20 */ = {
			isa = PBXGroup;
			children = (
				4C119B2C23DCCA1700223C7B /* PriorityQueue.swift */,
				4C119B2A23DCCA0300223C7B /* input.swift */,
				4C119B2523DCC95B00223C7B /* main.swift */,
			);
			path = Day20;
			sourceTree = "<group>";
		};
		4C119B3323DCCB0300223C7B /* Day21 */ = {
			isa = PBXGroup;
			children = (
				4C119B3923DCCB9D00223C7B /* input.swift */,
				4C119B3423DCCB0300223C7B /* main.swift */,
			);
			path = Day21;
			sourceTree = "<group>";
		};
		4C119B4023DCCCCB00223C7B /* Day22 */ = {
			isa = PBXGroup;
			children = (
				4C119B4623DCCD7D00223C7B /* input.swift */,
				4C119B4123DCCCCB00223C7B /* main.swift */,
			);
			path = Day22;
			sourceTree = "<group>";
		};
		4C3369212398168F00CEA50D /* Day04 */ = {
			isa = PBXGroup;
			children = (
				4C3369222398168F00CEA50D /* main.swift */,
			);
			path = Day04;
			sourceTree = "<group>";
		};
		4C49C875239EA60200B9B23E /* Day09 */ = {
			isa = PBXGroup;
			children = (
				4C49C87B239EA62500B9B23E /* input.swift */,
				4C49C876239EA60200B9B23E /* main.swift */,
			);
			path = Day09;
			sourceTree = "<group>";
		};
		4C659D7523AD3D5F003C138A /* Day14 */ = {
			isa = PBXGroup;
			children = (
				4C659D7B23AD3D80003C138A /* input.swift */,
				4C659D7623AD3D5F003C138A /* main.swift */,
			);
			path = Day14;
			sourceTree = "<group>";
		};
		4C6AE3E923B15FF300B450BF /* Day15 */ = {
			isa = PBXGroup;
			children = (
				4C6AE3EF23B1601100B450BF /* input.swift */,
				4C6AE3EA23B15FF300B450BF /* main.swift */,
			);
			path = Day15;
			sourceTree = "<group>";
		};
		4C7AF52B23996CD600746AFC /* Day05 */ = {
			isa = PBXGroup;
			children = (
				4C7AF53123996CED00746AFC /* input.swift */,
				4C7AF52C23996CD600746AFC /* main.swift */,
			);
			path = Day05;
			sourceTree = "<group>";
		};
		4C7FD0E5239FFEB600422716 /* Day10 */ = {
			isa = PBXGroup;
			children = (
				4C7FD0EB239FFED100422716 /* input.swift */,
				4C7FD0E6239FFEB600422716 /* main.swift */,
			);
			path = Day10;
			sourceTree = "<group>";
		};
		4C861B4E23956FDC00E71FB5 /* Day02 */ = {
			isa = PBXGroup;
			children = (
				4C861B542395706100E71FB5 /* input.swift */,
				4C861B4F23956FDC00E71FB5 /* main.swift */,
			);
			path = Day02;
			sourceTree = "<group>";
		};
		4C8C52E423A964F400646C1E /* Day12 */ = {
			isa = PBXGroup;
			children = (
				4C8C52E523A964F400646C1E /* main.swift */,
			);
			path = Day12;
			sourceTree = "<group>";
		};
		4C8C52EF23A9679400646C1E /* Day13 */ = {
			isa = PBXGroup;
			children = (
				4C8C52F523A967E200646C1E /* input.swift */,
				4C8C52F023A9679400646C1E /* main.swift */,
			);
			path = Day13;
			sourceTree = "<group>";
		};
		4C9064DE23A4430A001099C7 /* Day11 */ = {
			isa = PBXGroup;
			children = (
				4C9064E423A443B9001099C7 /* input.swift */,
				4C9064DF23A4430A001099C7 /* main.swift */,
			);
			path = Day11;
			sourceTree = "<group>";
		};
		4C9E7EC82396CD0B00A49CF2 /* Day03 */ = {
			isa = PBXGroup;
			children = (
				4C9E7ECE2396CD2B00A49CF2 /* input.swift */,
				4C9E7EC92396CD0B00A49CF2 /* main.swift */,
			);
			path = Day03;
			sourceTree = "<group>";
		};
		4CA33E13239AC7040054FB5F /* Day07 */ = {
			isa = PBXGroup;
			children = (
				4CB25CFF239B6B1800872CC1 /* input.swift */,
				4CA33E14239AC7040054FB5F /* main.swift */,
			);
			path = Day07;
			sourceTree = "<group>";
		};
		4CA4B86E239A982A00D21DF1 /* Day06 */ = {
			isa = PBXGroup;
			children = (
				4CA4B874239A984A00D21DF1 /* input.swift */,
				4CA4B86F239A982A00D21DF1 /* main.swift */,
			);
			path = Day06;
			sourceTree = "<group>";
		};
		4CAD62E1239CB9A90046B5FE /* Day08 */ = {
			isa = PBXGroup;
			children = (
				4CAD62E7239CB9D50046B5FE /* input.swift */,
				4CAD62E2239CB9A90046B5FE /* main.swift */,
			);
			path = Day08;
			sourceTree = "<group>";
		};
		4CB8ADCC23DC42B800B37310 /* Day16 */ = {
			isa = PBXGroup;
			children = (
				4CB8ADD223DC43D100B37310 /* input.swift */,
				4CB8ADCD23DC42B800B37310 /* main.swift */,
			);
			path = Day16;
			sourceTree = "<group>";
		};
		4CB8ADD923DC44AE00B37310 /* Day17 */ = {
			isa = PBXGroup;
			children = (
				4CB8ADDF23DC451E00B37310 /* input.swift */,
				4CB8ADDA23DC44AE00B37310 /* main.swift */,
			);
			path = Day17;
			sourceTree = "<group>";
		};
		4CF427B723940FBE004CAD34 = {
			isa = PBXGroup;
			children = (
				4CF427CD23941041004CAD34 /* LICENSE.txt */,
				4CF427CE239417C8004CAD34 /* README.md */,
				4CF427C223940FBE004CAD34 /* Advent of Code 2019 */,
				4CF427C123940FBE004CAD34 /* Products */,
			);
			sourceTree = "<group>";
		};
		4CF427C123940FBE004CAD34 /* Products */ = {
			isa = PBXGroup;
			children = (
				4CF427C023940FBE004CAD34 /* Day01 */,
				4C861B4D23956FDC00E71FB5 /* Day02 */,
				4C9E7EC72396CD0B00A49CF2 /* Day03 */,
				4C3369202398168F00CEA50D /* Day04 */,
				4C7AF52A23996CD600746AFC /* Day05 */,
				4CA4B86D239A982A00D21DF1 /* Day06 */,
				4CA33E12239AC7040054FB5F /* Day07 */,
				4CAD62E0239CB9A90046B5FE /* Day08 */,
				4C49C874239EA60200B9B23E /* Day09 */,
				4C7FD0E4239FFEB600422716 /* Day10 */,
				4C9064DD23A4430A001099C7 /* Day11 */,
				4C8C52E323A964F400646C1E /* Day12 */,
				4C8C52EE23A9679400646C1E /* Day13 */,
				4C659D7423AD3D5F003C138A /* Day14 */,
				4C6AE3E823B15FF300B450BF /* Day15 */,
				4CB8ADCB23DC42B800B37310 /* Day16 */,
				4CB8ADD823DC44AE00B37310 /* Day17 */,
				4C119B1623DCC76200223C7B /* Day19 */,
				4C119B2323DCC95B00223C7B /* Day20 */,
				4C119B3223DCCB0300223C7B /* Day21 */,
				4C119B3F23DCCCCB00223C7B /* Day22 */,
			);
			name = Products;
			sourceTree = "<group>";
		};
		4CF427C223940FBE004CAD34 /* Advent of Code 2019 */ = {
			isa = PBXGroup;
			children = (
				4CF427CA23940FE5004CAD34 /* Day01 */,
				4C861B4E23956FDC00E71FB5 /* Day02 */,
				4C9E7EC82396CD0B00A49CF2 /* Day03 */,
				4C3369212398168F00CEA50D /* Day04 */,
				4C7AF52B23996CD600746AFC /* Day05 */,
				4CA4B86E239A982A00D21DF1 /* Day06 */,
				4CA33E13239AC7040054FB5F /* Day07 */,
				4CAD62E1239CB9A90046B5FE /* Day08 */,
				4C49C875239EA60200B9B23E /* Day09 */,
				4C7FD0E5239FFEB600422716 /* Day10 */,
				4C9064DE23A4430A001099C7 /* Day11 */,
				4C8C52E423A964F400646C1E /* Day12 */,
				4C8C52EF23A9679400646C1E /* Day13 */,
				4C659D7523AD3D5F003C138A /* Day14 */,
				4C6AE3E923B15FF300B450BF /* Day15 */,
				4CB8ADCC23DC42B800B37310 /* Day16 */,
				4CB8ADD923DC44AE00B37310 /* Day17 */,
				4C119B1723DCC76200223C7B /* Day19 */,
				4C119B2423DCC95B00223C7B /* Day20 */,
				4C119B3323DCCB0300223C7B /* Day21 */,
				4C119B4023DCCCCB00223C7B /* Day22 */,
			);
			path = "Advent of Code 2019";
			sourceTree = "<group>";
		};
		4CF427CA23940FE5004CAD34 /* Day01 */ = {
			isa = PBXGroup;
			children = (
				4CF427CB2394100E004CAD34 /* input.swift */,
				4CF427C323940FBE004CAD34 /* main.swift */,
			);
			path = Day01;
			sourceTree = "<group>";
		};
/* End PBXGroup section */

/* Begin PBXNativeTarget section */
		4C119B1523DCC76200223C7B /* Day19 */ = {
			isa = PBXNativeTarget;
			buildConfigurationList = 4C119B1C23DCC76200223C7B /* Build configuration list for PBXNativeTarget "Day19" */;
			buildPhases = (
				4C119B1223DCC76200223C7B /* Sources */,
				4C119B1323DCC76200223C7B /* Frameworks */,
				4C119B1423DCC76200223C7B /* CopyFiles */,
			);
			buildRules = (
			);
			dependencies = (
			);
			name = Day19;
			productName = Day19;
			productReference = 4C119B1623DCC76200223C7B /* Day19 */;
			productType = "com.apple.product-type.tool";
		};
		4C119B2223DCC95B00223C7B /* Day20 */ = {
			isa = PBXNativeTarget;
			buildConfigurationList = 4C119B2723DCC95B00223C7B /* Build configuration list for PBXNativeTarget "Day20" */;
			buildPhases = (
				4C119B1F23DCC95B00223C7B /* Sources */,
				4C119B2023DCC95B00223C7B /* Frameworks */,
				4C119B2123DCC95B00223C7B /* CopyFiles */,
			);
			buildRules = (
			);
			dependencies = (
			);
			name = Day20;
			productName = Day20;
			productReference = 4C119B2323DCC95B00223C7B /* Day20 */;
			productType = "com.apple.product-type.tool";
		};
		4C119B3123DCCB0300223C7B /* Day21 */ = {
			isa = PBXNativeTarget;
			buildConfigurationList = 4C119B3623DCCB0300223C7B /* Build configuration list for PBXNativeTarget "Day21" */;
			buildPhases = (
				4C119B2E23DCCB0300223C7B /* Sources */,
				4C119B2F23DCCB0300223C7B /* Frameworks */,
				4C119B3023DCCB0300223C7B /* CopyFiles */,
			);
			buildRules = (
			);
			dependencies = (
			);
			name = Day21;
			productName = Day21;
			productReference = 4C119B3223DCCB0300223C7B /* Day21 */;
			productType = "com.apple.product-type.tool";
		};
		4C119B3E23DCCCCB00223C7B /* Day22 */ = {
			isa = PBXNativeTarget;
			buildConfigurationList = 4C119B4323DCCCCB00223C7B /* Build configuration list for PBXNativeTarget "Day22" */;
			buildPhases = (
				4C119B3B23DCCCCB00223C7B /* Sources */,
				4C119B3C23DCCCCB00223C7B /* Frameworks */,
				4C119B3D23DCCCCB00223C7B /* CopyFiles */,
			);
			buildRules = (
			);
			dependencies = (
			);
			name = Day22;
			productName = Day22;
			productReference = 4C119B3F23DCCCCB00223C7B /* Day22 */;
			productType = "com.apple.product-type.tool";
		};
		4C33691F2398168F00CEA50D /* Day04 */ = {
			isa = PBXNativeTarget;
			buildConfigurationList = 4C3369262398168F00CEA50D /* Build configuration list for PBXNativeTarget "Day04" */;
			buildPhases = (
				4C33691C2398168F00CEA50D /* Sources */,
				4C33691D2398168F00CEA50D /* Frameworks */,
				4C33691E2398168F00CEA50D /* CopyFiles */,
			);
			buildRules = (
			);
			dependencies = (
			);
			name = Day04;
			productName = Day04;
			productReference = 4C3369202398168F00CEA50D /* Day04 */;
			productType = "com.apple.product-type.tool";
		};
		4C49C873239EA60200B9B23E /* Day09 */ = {
			isa = PBXNativeTarget;
			buildConfigurationList = 4C49C87A239EA60200B9B23E /* Build configuration list for PBXNativeTarget "Day09" */;
			buildPhases = (
				4C49C870239EA60200B9B23E /* Sources */,
				4C49C871239EA60200B9B23E /* Frameworks */,
				4C49C872239EA60200B9B23E /* CopyFiles */,
			);
			buildRules = (
			);
			dependencies = (
			);
			name = Day09;
			productName = Day09;
			productReference = 4C49C874239EA60200B9B23E /* Day09 */;
			productType = "com.apple.product-type.tool";
		};
		4C659D7323AD3D5F003C138A /* Day14 */ = {
			isa = PBXNativeTarget;
			buildConfigurationList = 4C659D7A23AD3D5F003C138A /* Build configuration list for PBXNativeTarget "Day14" */;
			buildPhases = (
				4C659D7023AD3D5F003C138A /* Sources */,
				4C659D7123AD3D5F003C138A /* Frameworks */,
				4C659D7223AD3D5F003C138A /* CopyFiles */,
			);
			buildRules = (
			);
			dependencies = (
			);
			name = Day14;
			productName = Day14;
			productReference = 4C659D7423AD3D5F003C138A /* Day14 */;
			productType = "com.apple.product-type.tool";
		};
		4C6AE3E723B15FF300B450BF /* Day15 */ = {
			isa = PBXNativeTarget;
			buildConfigurationList = 4C6AE3EE23B15FF300B450BF /* Build configuration list for PBXNativeTarget "Day15" */;
			buildPhases = (
				4C6AE3E423B15FF300B450BF /* Sources */,
				4C6AE3E523B15FF300B450BF /* Frameworks */,
				4C6AE3E623B15FF300B450BF /* CopyFiles */,
			);
			buildRules = (
			);
			dependencies = (
			);
			name = Day15;
			productName = Day15;
			productReference = 4C6AE3E823B15FF300B450BF /* Day15 */;
			productType = "com.apple.product-type.tool";
		};
		4C7AF52923996CD600746AFC /* Day05 */ = {
			isa = PBXNativeTarget;
			buildConfigurationList = 4C7AF53023996CD600746AFC /* Build configuration list for PBXNativeTarget "Day05" */;
			buildPhases = (
				4C7AF52623996CD600746AFC /* Sources */,
				4C7AF52723996CD600746AFC /* Frameworks */,
				4C7AF52823996CD600746AFC /* CopyFiles */,
			);
			buildRules = (
			);
			dependencies = (
			);
			name = Day05;
			productName = Day05;
			productReference = 4C7AF52A23996CD600746AFC /* Day05 */;
			productType = "com.apple.product-type.tool";
		};
		4C7FD0E3239FFEB600422716 /* Day10 */ = {
			isa = PBXNativeTarget;
			buildConfigurationList = 4C7FD0EA239FFEB600422716 /* Build configuration list for PBXNativeTarget "Day10" */;
			buildPhases = (
				4C7FD0E0239FFEB600422716 /* Sources */,
				4C7FD0E1239FFEB600422716 /* Frameworks */,
				4C7FD0E2239FFEB600422716 /* CopyFiles */,
			);
			buildRules = (
			);
			dependencies = (
			);
			name = Day10;
			productName = Day10;
			productReference = 4C7FD0E4239FFEB600422716 /* Day10 */;
			productType = "com.apple.product-type.tool";
		};
		4C861B4C23956FDC00E71FB5 /* Day02 */ = {
			isa = PBXNativeTarget;
			buildConfigurationList = 4C861B5323956FDD00E71FB5 /* Build configuration list for PBXNativeTarget "Day02" */;
			buildPhases = (
				4C861B4923956FDC00E71FB5 /* Sources */,
				4C861B4A23956FDC00E71FB5 /* Frameworks */,
				4C861B4B23956FDC00E71FB5 /* CopyFiles */,
			);
			buildRules = (
			);
			dependencies = (
			);
			name = Day02;
			productName = Day02;
			productReference = 4C861B4D23956FDC00E71FB5 /* Day02 */;
			productType = "com.apple.product-type.tool";
		};
		4C8C52E223A964F400646C1E /* Day12 */ = {
			isa = PBXNativeTarget;
			buildConfigurationList = 4C8C52E923A964F400646C1E /* Build configuration list for PBXNativeTarget "Day12" */;
			buildPhases = (
				4C8C52DF23A964F400646C1E /* Sources */,
				4C8C52E023A964F400646C1E /* Frameworks */,
				4C8C52E123A964F400646C1E /* CopyFiles */,
			);
			buildRules = (
			);
			dependencies = (
			);
			name = Day12;
			productName = Day12;
			productReference = 4C8C52E323A964F400646C1E /* Day12 */;
			productType = "com.apple.product-type.tool";
		};
		4C8C52ED23A9679400646C1E /* Day13 */ = {
			isa = PBXNativeTarget;
			buildConfigurationList = 4C8C52F223A9679400646C1E /* Build configuration list for PBXNativeTarget "Day13" */;
			buildPhases = (
				4C8C52EA23A9679400646C1E /* Sources */,
				4C8C52EB23A9679400646C1E /* Frameworks */,
				4C8C52EC23A9679400646C1E /* CopyFiles */,
			);
			buildRules = (
			);
			dependencies = (
			);
			name = Day13;
			productName = Day13;
			productReference = 4C8C52EE23A9679400646C1E /* Day13 */;
			productType = "com.apple.product-type.tool";
		};
		4C9064DC23A4430A001099C7 /* Day11 */ = {
			isa = PBXNativeTarget;
			buildConfigurationList = 4C9064E123A4430A001099C7 /* Build configuration list for PBXNativeTarget "Day11" */;
			buildPhases = (
				4C9064D923A4430A001099C7 /* Sources */,
				4C9064DA23A4430A001099C7 /* Frameworks */,
				4C9064DB23A4430A001099C7 /* CopyFiles */,
			);
			buildRules = (
			);
			dependencies = (
			);
			name = Day11;
			productName = Day11;
			productReference = 4C9064DD23A4430A001099C7 /* Day11 */;
			productType = "com.apple.product-type.tool";
		};
		4C9E7EC62396CD0B00A49CF2 /* Day03 */ = {
			isa = PBXNativeTarget;
			buildConfigurationList = 4C9E7ECD2396CD0B00A49CF2 /* Build configuration list for PBXNativeTarget "Day03" */;
			buildPhases = (
				4C9E7EC32396CD0B00A49CF2 /* Sources */,
				4C9E7EC42396CD0B00A49CF2 /* Frameworks */,
				4C9E7EC52396CD0B00A49CF2 /* CopyFiles */,
			);
			buildRules = (
			);
			dependencies = (
			);
			name = Day03;
			productName = Day03;
			productReference = 4C9E7EC72396CD0B00A49CF2 /* Day03 */;
			productType = "com.apple.product-type.tool";
		};
		4CA33E11239AC7040054FB5F /* Day07 */ = {
			isa = PBXNativeTarget;
			buildConfigurationList = 4CA33E18239AC7040054FB5F /* Build configuration list for PBXNativeTarget "Day07" */;
			buildPhases = (
				4CA33E0E239AC7040054FB5F /* Sources */,
				4CA33E0F239AC7040054FB5F /* Frameworks */,
				4CA33E10239AC7040054FB5F /* CopyFiles */,
			);
			buildRules = (
			);
			dependencies = (
			);
			name = Day07;
			productName = Day07;
			productReference = 4CA33E12239AC7040054FB5F /* Day07 */;
			productType = "com.apple.product-type.tool";
		};
		4CA4B86C239A982A00D21DF1 /* Day06 */ = {
			isa = PBXNativeTarget;
			buildConfigurationList = 4CA4B873239A982A00D21DF1 /* Build configuration list for PBXNativeTarget "Day06" */;
			buildPhases = (
				4CA4B869239A982A00D21DF1 /* Sources */,
				4CA4B86A239A982A00D21DF1 /* Frameworks */,
				4CA4B86B239A982A00D21DF1 /* CopyFiles */,
			);
			buildRules = (
			);
			dependencies = (
			);
			name = Day06;
			productName = Day06;
			productReference = 4CA4B86D239A982A00D21DF1 /* Day06 */;
			productType = "com.apple.product-type.tool";
		};
		4CAD62DF239CB9A90046B5FE /* Day08 */ = {
			isa = PBXNativeTarget;
			buildConfigurationList = 4CAD62E6239CB9A90046B5FE /* Build configuration list for PBXNativeTarget "Day08" */;
			buildPhases = (
				4CAD62DC239CB9A90046B5FE /* Sources */,
				4CAD62DD239CB9A90046B5FE /* Frameworks */,
				4CAD62DE239CB9A90046B5FE /* CopyFiles */,
			);
			buildRules = (
			);
			dependencies = (
			);
			name = Day08;
			productName = Day08;
			productReference = 4CAD62E0239CB9A90046B5FE /* Day08 */;
			productType = "com.apple.product-type.tool";
		};
		4CB8ADCA23DC42B800B37310 /* Day16 */ = {
			isa = PBXNativeTarget;
			buildConfigurationList = 4CB8ADD123DC42B800B37310 /* Build configuration list for PBXNativeTarget "Day16" */;
			buildPhases = (
				4CB8ADC723DC42B800B37310 /* Sources */,
				4CB8ADC823DC42B800B37310 /* Frameworks */,
				4CB8ADC923DC42B800B37310 /* CopyFiles */,
			);
			buildRules = (
			);
			dependencies = (
			);
			name = Day16;
			productName = Day16;
			productReference = 4CB8ADCB23DC42B800B37310 /* Day16 */;
			productType = "com.apple.product-type.tool";
		};
		4CB8ADD723DC44AE00B37310 /* Day17 */ = {
			isa = PBXNativeTarget;
			buildConfigurationList = 4CB8ADDC23DC44AE00B37310 /* Build configuration list for PBXNativeTarget "Day17" */;
			buildPhases = (
				4CB8ADD423DC44AE00B37310 /* Sources */,
				4CB8ADD523DC44AE00B37310 /* Frameworks */,
				4CB8ADD623DC44AE00B37310 /* CopyFiles */,
			);
			buildRules = (
			);
			dependencies = (
			);
			name = Day17;
			productName = Day17;
			productReference = 4CB8ADD823DC44AE00B37310 /* Day17 */;
			productType = "com.apple.product-type.tool";
		};
		4CF427BF23940FBE004CAD34 /* Day01 */ = {
			isa = PBXNativeTarget;
			buildConfigurationList = 4CF427C723940FBE004CAD34 /* Build configuration list for PBXNativeTarget "Day01" */;
			buildPhases = (
				4CF427BC23940FBE004CAD34 /* Sources */,
				4CF427BD23940FBE004CAD34 /* Frameworks */,
				4CF427BE23940FBE004CAD34 /* CopyFiles */,
			);
			buildRules = (
			);
			dependencies = (
			);
			name = Day01;
			productName = "Advent of Code 2019";
			productReference = 4CF427C023940FBE004CAD34 /* Day01 */;
			productType = "com.apple.product-type.tool";
		};
/* End PBXNativeTarget section */

/* Begin PBXProject section */
		4CF427B823940FBE004CAD34 /* Project object */ = {
			isa = PBXProject;
			attributes = {
				LastSwiftUpdateCheck = 1130;
				LastUpgradeCheck = 1130;
				ORGANIZATIONNAME = "Michael Fenske";
				TargetAttributes = {
					4C119B1523DCC76200223C7B = {
						CreatedOnToolsVersion = 11.3.1;
					};
					4C119B2223DCC95B00223C7B = {
						CreatedOnToolsVersion = 11.3.1;
					};
					4C119B3123DCCB0300223C7B = {
						CreatedOnToolsVersion = 11.3.1;
					};
					4C119B3E23DCCCCB00223C7B = {
						CreatedOnToolsVersion = 11.3.1;
					};
					4C33691F2398168F00CEA50D = {
						CreatedOnToolsVersion = 11.2.1;
					};
					4C49C873239EA60200B9B23E = {
						CreatedOnToolsVersion = 11.2.1;
					};
					4C659D7323AD3D5F003C138A = {
						CreatedOnToolsVersion = 11.3;
					};
					4C6AE3E723B15FF300B450BF = {
						CreatedOnToolsVersion = 11.3;
					};
					4C7AF52923996CD600746AFC = {
						CreatedOnToolsVersion = 11.2.1;
					};
					4C7FD0E3239FFEB600422716 = {
						CreatedOnToolsVersion = 11.2.1;
					};
					4C861B4C23956FDC00E71FB5 = {
						CreatedOnToolsVersion = 11.2.1;
					};
					4C8C52E223A964F400646C1E = {
						CreatedOnToolsVersion = 11.3;
					};
					4C8C52ED23A9679400646C1E = {
						CreatedOnToolsVersion = 11.3;
					};
					4C9064DC23A4430A001099C7 = {
						CreatedOnToolsVersion = 11.3;
					};
					4C9E7EC62396CD0B00A49CF2 = {
						CreatedOnToolsVersion = 11.2.1;
					};
					4CA33E11239AC7040054FB5F = {
						CreatedOnToolsVersion = 11.2.1;
					};
					4CA4B86C239A982A00D21DF1 = {
						CreatedOnToolsVersion = 11.2.1;
					};
					4CAD62DF239CB9A90046B5FE = {
						CreatedOnToolsVersion = 11.2.1;
					};
					4CB8ADCA23DC42B800B37310 = {
						CreatedOnToolsVersion = 11.3.1;
					};
					4CB8ADD723DC44AE00B37310 = {
						CreatedOnToolsVersion = 11.3.1;
					};
					4CF427BF23940FBE004CAD34 = {
						CreatedOnToolsVersion = 11.2.1;
					};
				};
			};
			buildConfigurationList = 4CF427BB23940FBE004CAD34 /* Build configuration list for PBXProject "Advent of Code 2019" */;
			compatibilityVersion = "Xcode 9.3";
			developmentRegion = en;
			hasScannedForEncodings = 0;
			knownRegions = (
				en,
				Base,
			);
			mainGroup = 4CF427B723940FBE004CAD34;
			productRefGroup = 4CF427C123940FBE004CAD34 /* Products */;
			projectDirPath = "";
			projectRoot = "";
			targets = (
				4CF427BF23940FBE004CAD34 /* Day01 */,
				4C861B4C23956FDC00E71FB5 /* Day02 */,
				4C9E7EC62396CD0B00A49CF2 /* Day03 */,
				4C33691F2398168F00CEA50D /* Day04 */,
				4C7AF52923996CD600746AFC /* Day05 */,
				4CA4B86C239A982A00D21DF1 /* Day06 */,
				4CA33E11239AC7040054FB5F /* Day07 */,
				4CAD62DF239CB9A90046B5FE /* Day08 */,
				4C49C873239EA60200B9B23E /* Day09 */,
				4C7FD0E3239FFEB600422716 /* Day10 */,
				4C9064DC23A4430A001099C7 /* Day11 */,
				4C8C52E223A964F400646C1E /* Day12 */,
				4C8C52ED23A9679400646C1E /* Day13 */,
				4C659D7323AD3D5F003C138A /* Day14 */,
				4C6AE3E723B15FF300B450BF /* Day15 */,
				4CB8ADCA23DC42B800B37310 /* Day16 */,
				4CB8ADD723DC44AE00B37310 /* Day17 */,
				4C119B1523DCC76200223C7B /* Day19 */,
				4C119B2223DCC95B00223C7B /* Day20 */,
				4C119B3123DCCB0300223C7B /* Day21 */,
				4C119B3E23DCCCCB00223C7B /* Day22 */,
			);
		};
/* End PBXProject section */

/* Begin PBXSourcesBuildPhase section */
		4C119B1223DCC76200223C7B /* Sources */ = {
			isa = PBXSourcesBuildPhase;
			buildActionMask = 2147483647;
			files = (
				4C119B1E23DCC7EC00223C7B /* input.swift in Sources */,
				4C119B1923DCC76200223C7B /* main.swift in Sources */,
			);
			runOnlyForDeploymentPostprocessing = 0;
		};
		4C119B1F23DCC95B00223C7B /* Sources */ = {
			isa = PBXSourcesBuildPhase;
			buildActionMask = 2147483647;
			files = (
				4C119B2B23DCCA0300223C7B /* input.swift in Sources */,
				4C119B2623DCC95B00223C7B /* main.swift in Sources */,
				4C119B2D23DCCA1800223C7B /* PriorityQueue.swift in Sources */,
			);
			runOnlyForDeploymentPostprocessing = 0;
		};
		4C119B2E23DCCB0300223C7B /* Sources */ = {
			isa = PBXSourcesBuildPhase;
			buildActionMask = 2147483647;
			files = (
				4C119B3A23DCCB9D00223C7B /* input.swift in Sources */,
				4C119B3523DCCB0300223C7B /* main.swift in Sources */,
			);
			runOnlyForDeploymentPostprocessing = 0;
		};
		4C119B3B23DCCCCB00223C7B /* Sources */ = {
			isa = PBXSourcesBuildPhase;
			buildActionMask = 2147483647;
			files = (
				4C119B4723DCCD7D00223C7B /* input.swift in Sources */,
				4C119B4223DCCCCB00223C7B /* main.swift in Sources */,
			);
			runOnlyForDeploymentPostprocessing = 0;
		};
		4C33691C2398168F00CEA50D /* Sources */ = {
			isa = PBXSourcesBuildPhase;
			buildActionMask = 2147483647;
			files = (
				4C3369232398168F00CEA50D /* main.swift in Sources */,
			);
			runOnlyForDeploymentPostprocessing = 0;
		};
		4C49C870239EA60200B9B23E /* Sources */ = {
			isa = PBXSourcesBuildPhase;
			buildActionMask = 2147483647;
			files = (
				4C49C87C239EA62500B9B23E /* input.swift in Sources */,
				4C49C877239EA60200B9B23E /* main.swift in Sources */,
			);
			runOnlyForDeploymentPostprocessing = 0;
		};
		4C659D7023AD3D5F003C138A /* Sources */ = {
			isa = PBXSourcesBuildPhase;
			buildActionMask = 2147483647;
			files = (
				4C659D7C23AD3D80003C138A /* input.swift in Sources */,
				4C659D7723AD3D5F003C138A /* main.swift in Sources */,
			);
			runOnlyForDeploymentPostprocessing = 0;
		};
		4C6AE3E423B15FF300B450BF /* Sources */ = {
			isa = PBXSourcesBuildPhase;
			buildActionMask = 2147483647;
			files = (
				4C6AE3F023B1601100B450BF /* input.swift in Sources */,
				4C6AE3EB23B15FF300B450BF /* main.swift in Sources */,
			);
			runOnlyForDeploymentPostprocessing = 0;
		};
		4C7AF52623996CD600746AFC /* Sources */ = {
			isa = PBXSourcesBuildPhase;
			buildActionMask = 2147483647;
			files = (
				4C7AF53223996CED00746AFC /* input.swift in Sources */,
				4C7AF52D23996CD600746AFC /* main.swift in Sources */,
			);
			runOnlyForDeploymentPostprocessing = 0;
		};
		4C7FD0E0239FFEB600422716 /* Sources */ = {
			isa = PBXSourcesBuildPhase;
			buildActionMask = 2147483647;
			files = (
				4C7FD0EC239FFED100422716 /* input.swift in Sources */,
				4C7FD0E7239FFEB600422716 /* main.swift in Sources */,
			);
			runOnlyForDeploymentPostprocessing = 0;
		};
		4C861B4923956FDC00E71FB5 /* Sources */ = {
			isa = PBXSourcesBuildPhase;
			buildActionMask = 2147483647;
			files = (
				4C861B552395706100E71FB5 /* input.swift in Sources */,
				4C861B5023956FDD00E71FB5 /* main.swift in Sources */,
			);
			runOnlyForDeploymentPostprocessing = 0;
		};
		4C8C52DF23A964F400646C1E /* Sources */ = {
			isa = PBXSourcesBuildPhase;
			buildActionMask = 2147483647;
			files = (
				4C8C52E623A964F400646C1E /* main.swift in Sources */,
			);
			runOnlyForDeploymentPostprocessing = 0;
		};
		4C8C52EA23A9679400646C1E /* Sources */ = {
			isa = PBXSourcesBuildPhase;
			buildActionMask = 2147483647;
			files = (
				4C8C52F623A967E200646C1E /* input.swift in Sources */,
				4C8C52F123A9679400646C1E /* main.swift in Sources */,
			);
			runOnlyForDeploymentPostprocessing = 0;
		};
		4C9064D923A4430A001099C7 /* Sources */ = {
			isa = PBXSourcesBuildPhase;
			buildActionMask = 2147483647;
			files = (
				4C9064E523A443B9001099C7 /* input.swift in Sources */,
				4C9064E023A4430A001099C7 /* main.swift in Sources */,
			);
			runOnlyForDeploymentPostprocessing = 0;
		};
		4C9E7EC32396CD0B00A49CF2 /* Sources */ = {
			isa = PBXSourcesBuildPhase;
			buildActionMask = 2147483647;
			files = (
				4C9E7ECF2396CD2B00A49CF2 /* input.swift in Sources */,
				4C9E7ECA2396CD0B00A49CF2 /* main.swift in Sources */,
			);
			runOnlyForDeploymentPostprocessing = 0;
		};
		4CA33E0E239AC7040054FB5F /* Sources */ = {
			isa = PBXSourcesBuildPhase;
			buildActionMask = 2147483647;
			files = (
				4CB25D00239B6B1800872CC1 /* input.swift in Sources */,
				4CA33E15239AC7040054FB5F /* main.swift in Sources */,
			);
			runOnlyForDeploymentPostprocessing = 0;
		};
		4CA4B869239A982A00D21DF1 /* Sources */ = {
			isa = PBXSourcesBuildPhase;
			buildActionMask = 2147483647;
			files = (
				4CA4B875239A984A00D21DF1 /* input.swift in Sources */,
				4CA4B870239A982A00D21DF1 /* main.swift in Sources */,
			);
			runOnlyForDeploymentPostprocessing = 0;
		};
		4CAD62DC239CB9A90046B5FE /* Sources */ = {
			isa = PBXSourcesBuildPhase;
			buildActionMask = 2147483647;
			files = (
				4CAD62E8239CB9D50046B5FE /* input.swift in Sources */,
				4CAD62E3239CB9A90046B5FE /* main.swift in Sources */,
			);
			runOnlyForDeploymentPostprocessing = 0;
		};
		4CB8ADC723DC42B800B37310 /* Sources */ = {
			isa = PBXSourcesBuildPhase;
			buildActionMask = 2147483647;
			files = (
				4CB8ADD323DC43D100B37310 /* input.swift in Sources */,
				4CB8ADCE23DC42B800B37310 /* main.swift in Sources */,
			);
			runOnlyForDeploymentPostprocessing = 0;
		};
		4CB8ADD423DC44AE00B37310 /* Sources */ = {
			isa = PBXSourcesBuildPhase;
			buildActionMask = 2147483647;
			files = (
				4CB8ADE023DC451E00B37310 /* input.swift in Sources */,
				4CB8ADDB23DC44AE00B37310 /* main.swift in Sources */,
			);
			runOnlyForDeploymentPostprocessing = 0;
		};
		4CF427BC23940FBE004CAD34 /* Sources */ = {
			isa = PBXSourcesBuildPhase;
			buildActionMask = 2147483647;
			files = (
				4CF427CC2394100E004CAD34 /* input.swift in Sources */,
				4CF427C423940FBE004CAD34 /* main.swift in Sources */,
			);
			runOnlyForDeploymentPostprocessing = 0;
		};
/* End PBXSourcesBuildPhase section */

/* Begin XCBuildConfiguration section */
		4C119B1A23DCC76200223C7B /* Debug */ = {
			isa = XCBuildConfiguration;
			buildSettings = {
				CODE_SIGN_STYLE = Automatic;
				DEVELOPMENT_TEAM = DHBZWL349Q;
				ENABLE_HARDENED_RUNTIME = YES;
				PRODUCT_NAME = "$(TARGET_NAME)";
				SWIFT_VERSION = 5.0;
			};
			name = Debug;
		};
		4C119B1B23DCC76200223C7B /* Release */ = {
			isa = XCBuildConfiguration;
			buildSettings = {
				CODE_SIGN_STYLE = Automatic;
				DEVELOPMENT_TEAM = DHBZWL349Q;
				ENABLE_HARDENED_RUNTIME = YES;
				PRODUCT_NAME = "$(TARGET_NAME)";
				SWIFT_VERSION = 5.0;
			};
			name = Release;
		};
		4C119B2823DCC95B00223C7B /* Debug */ = {
			isa = XCBuildConfiguration;
			buildSettings = {
				CODE_SIGN_STYLE = Automatic;
				DEVELOPMENT_TEAM = DHBZWL349Q;
				ENABLE_HARDENED_RUNTIME = YES;
				PRODUCT_NAME = "$(TARGET_NAME)";
				SWIFT_VERSION = 5.0;
			};
			name = Debug;
		};
		4C119B2923DCC95B00223C7B /* Release */ = {
			isa = XCBuildConfiguration;
			buildSettings = {
				CODE_SIGN_STYLE = Automatic;
				DEVELOPMENT_TEAM = DHBZWL349Q;
				ENABLE_HARDENED_RUNTIME = YES;
				PRODUCT_NAME = "$(TARGET_NAME)";
				SWIFT_VERSION = 5.0;
			};
			name = Release;
		};
		4C119B3723DCCB0300223C7B /* Debug */ = {
			isa = XCBuildConfiguration;
			buildSettings = {
				CODE_SIGN_STYLE = Automatic;
				DEVELOPMENT_TEAM = DHBZWL349Q;
				ENABLE_HARDENED_RUNTIME = YES;
				PRODUCT_NAME = "$(TARGET_NAME)";
				SWIFT_VERSION = 5.0;
			};
			name = Debug;
		};
		4C119B3823DCCB0300223C7B /* Release */ = {
			isa = XCBuildConfiguration;
			buildSettings = {
				CODE_SIGN_STYLE = Automatic;
				DEVELOPMENT_TEAM = DHBZWL349Q;
				ENABLE_HARDENED_RUNTIME = YES;
				PRODUCT_NAME = "$(TARGET_NAME)";
				SWIFT_VERSION = 5.0;
			};
			name = Release;
		};
		4C119B4423DCCCCB00223C7B /* Debug */ = {
			isa = XCBuildConfiguration;
			buildSettings = {
				CODE_SIGN_STYLE = Automatic;
				DEVELOPMENT_TEAM = DHBZWL349Q;
				ENABLE_HARDENED_RUNTIME = YES;
				PRODUCT_NAME = "$(TARGET_NAME)";
				SWIFT_VERSION = 5.0;
			};
			name = Debug;
		};
		4C119B4523DCCCCB00223C7B /* Release */ = {
			isa = XCBuildConfiguration;
			buildSettings = {
				CODE_SIGN_STYLE = Automatic;
				DEVELOPMENT_TEAM = DHBZWL349Q;
				ENABLE_HARDENED_RUNTIME = YES;
				PRODUCT_NAME = "$(TARGET_NAME)";
				SWIFT_VERSION = 5.0;
			};
			name = Release;
		};
		4C3369242398168F00CEA50D /* Debug */ = {
			isa = XCBuildConfiguration;
			buildSettings = {
				CODE_SIGN_IDENTITY = "-";
				CODE_SIGN_STYLE = Automatic;
				DEVELOPMENT_TEAM = DHBZWL349Q;
				ENABLE_HARDENED_RUNTIME = YES;
				PRODUCT_NAME = "$(TARGET_NAME)";
				SWIFT_VERSION = 5.0;
			};
			name = Debug;
		};
		4C3369252398168F00CEA50D /* Release */ = {
			isa = XCBuildConfiguration;
			buildSettings = {
				CODE_SIGN_IDENTITY = "-";
				CODE_SIGN_STYLE = Automatic;
				DEVELOPMENT_TEAM = DHBZWL349Q;
				ENABLE_HARDENED_RUNTIME = YES;
				PRODUCT_NAME = "$(TARGET_NAME)";
				SWIFT_VERSION = 5.0;
			};
			name = Release;
		};
		4C49C878239EA60200B9B23E /* Debug */ = {
			isa = XCBuildConfiguration;
			buildSettings = {
				CODE_SIGN_IDENTITY = "-";
				CODE_SIGN_STYLE = Automatic;
				DEVELOPMENT_TEAM = DHBZWL349Q;
				ENABLE_HARDENED_RUNTIME = YES;
				PRODUCT_NAME = "$(TARGET_NAME)";
				SWIFT_VERSION = 5.0;
			};
			name = Debug;
		};
		4C49C879239EA60200B9B23E /* Release */ = {
			isa = XCBuildConfiguration;
			buildSettings = {
				CODE_SIGN_IDENTITY = "-";
				CODE_SIGN_STYLE = Automatic;
				DEVELOPMENT_TEAM = DHBZWL349Q;
				ENABLE_HARDENED_RUNTIME = YES;
				PRODUCT_NAME = "$(TARGET_NAME)";
				SWIFT_VERSION = 5.0;
			};
			name = Release;
		};
		4C659D7823AD3D5F003C138A /* Debug */ = {
			isa = XCBuildConfiguration;
			buildSettings = {
				CODE_SIGN_STYLE = Automatic;
				DEVELOPMENT_TEAM = DHBZWL349Q;
				ENABLE_HARDENED_RUNTIME = YES;
				PRODUCT_NAME = "$(TARGET_NAME)";
				SWIFT_VERSION = 5.0;
			};
			name = Debug;
		};
		4C659D7923AD3D5F003C138A /* Release */ = {
			isa = XCBuildConfiguration;
			buildSettings = {
				CODE_SIGN_STYLE = Automatic;
				DEVELOPMENT_TEAM = DHBZWL349Q;
				ENABLE_HARDENED_RUNTIME = YES;
				PRODUCT_NAME = "$(TARGET_NAME)";
				SWIFT_VERSION = 5.0;
			};
			name = Release;
		};
		4C6AE3EC23B15FF300B450BF /* Debug */ = {
			isa = XCBuildConfiguration;
			buildSettings = {
				CODE_SIGN_STYLE = Automatic;
				DEVELOPMENT_TEAM = DHBZWL349Q;
				ENABLE_HARDENED_RUNTIME = YES;
				PRODUCT_NAME = "$(TARGET_NAME)";
				SWIFT_VERSION = 5.0;
			};
			name = Debug;
		};
		4C6AE3ED23B15FF300B450BF /* Release */ = {
			isa = XCBuildConfiguration;
			buildSettings = {
				CODE_SIGN_STYLE = Automatic;
				DEVELOPMENT_TEAM = DHBZWL349Q;
				ENABLE_HARDENED_RUNTIME = YES;
				PRODUCT_NAME = "$(TARGET_NAME)";
				SWIFT_VERSION = 5.0;
			};
			name = Release;
		};
		4C7AF52E23996CD600746AFC /* Debug */ = {
			isa = XCBuildConfiguration;
			buildSettings = {
				CODE_SIGN_IDENTITY = "-";
				CODE_SIGN_STYLE = Automatic;
				DEVELOPMENT_TEAM = DHBZWL349Q;
				ENABLE_HARDENED_RUNTIME = YES;
				PRODUCT_NAME = "$(TARGET_NAME)";
				SWIFT_VERSION = 5.0;
			};
			name = Debug;
		};
		4C7AF52F23996CD600746AFC /* Release */ = {
			isa = XCBuildConfiguration;
			buildSettings = {
				CODE_SIGN_IDENTITY = "-";
				CODE_SIGN_STYLE = Automatic;
				DEVELOPMENT_TEAM = DHBZWL349Q;
				ENABLE_HARDENED_RUNTIME = YES;
				PRODUCT_NAME = "$(TARGET_NAME)";
				SWIFT_VERSION = 5.0;
			};
			name = Release;
		};
		4C7FD0E8239FFEB600422716 /* Debug */ = {
			isa = XCBuildConfiguration;
			buildSettings = {
				CODE_SIGN_IDENTITY = "-";
				CODE_SIGN_STYLE = Automatic;
				DEVELOPMENT_TEAM = DHBZWL349Q;
				ENABLE_HARDENED_RUNTIME = YES;
				PRODUCT_NAME = "$(TARGET_NAME)";
				SWIFT_VERSION = 5.0;
			};
			name = Debug;
		};
		4C7FD0E9239FFEB600422716 /* Release */ = {
			isa = XCBuildConfiguration;
			buildSettings = {
				CODE_SIGN_IDENTITY = "-";
				CODE_SIGN_STYLE = Automatic;
				DEVELOPMENT_TEAM = DHBZWL349Q;
				ENABLE_HARDENED_RUNTIME = YES;
				PRODUCT_NAME = "$(TARGET_NAME)";
				SWIFT_VERSION = 5.0;
			};
			name = Release;
		};
		4C861B5123956FDD00E71FB5 /* Debug */ = {
			isa = XCBuildConfiguration;
			buildSettings = {
				CODE_SIGN_IDENTITY = "-";
				CODE_SIGN_STYLE = Automatic;
				DEVELOPMENT_TEAM = DHBZWL349Q;
				ENABLE_HARDENED_RUNTIME = YES;
				PRODUCT_NAME = "$(TARGET_NAME)";
				SWIFT_VERSION = 5.0;
			};
			name = Debug;
		};
		4C861B5223956FDD00E71FB5 /* Release */ = {
			isa = XCBuildConfiguration;
			buildSettings = {
				CODE_SIGN_IDENTITY = "-";
				CODE_SIGN_STYLE = Automatic;
				DEVELOPMENT_TEAM = DHBZWL349Q;
				ENABLE_HARDENED_RUNTIME = YES;
				PRODUCT_NAME = "$(TARGET_NAME)";
				SWIFT_VERSION = 5.0;
			};
			name = Release;
		};
		4C8C52E723A964F400646C1E /* Debug */ = {
			isa = XCBuildConfiguration;
			buildSettings = {
				CODE_SIGN_STYLE = Automatic;
				DEVELOPMENT_TEAM = DHBZWL349Q;
				ENABLE_HARDENED_RUNTIME = YES;
				PRODUCT_NAME = "$(TARGET_NAME)";
				SWIFT_VERSION = 5.0;
			};
			name = Debug;
		};
		4C8C52E823A964F400646C1E /* Release */ = {
			isa = XCBuildConfiguration;
			buildSettings = {
				CODE_SIGN_STYLE = Automatic;
				DEVELOPMENT_TEAM = DHBZWL349Q;
				ENABLE_HARDENED_RUNTIME = YES;
				PRODUCT_NAME = "$(TARGET_NAME)";
				SWIFT_VERSION = 5.0;
			};
			name = Release;
		};
		4C8C52F323A9679400646C1E /* Debug */ = {
			isa = XCBuildConfiguration;
			buildSettings = {
				CODE_SIGN_STYLE = Automatic;
				DEVELOPMENT_TEAM = DHBZWL349Q;
				ENABLE_HARDENED_RUNTIME = YES;
				PRODUCT_NAME = "$(TARGET_NAME)";
				SWIFT_VERSION = 5.0;
			};
			name = Debug;
		};
		4C8C52F423A9679400646C1E /* Release */ = {
			isa = XCBuildConfiguration;
			buildSettings = {
				CODE_SIGN_STYLE = Automatic;
				DEVELOPMENT_TEAM = DHBZWL349Q;
				ENABLE_HARDENED_RUNTIME = YES;
				PRODUCT_NAME = "$(TARGET_NAME)";
				SWIFT_VERSION = 5.0;
			};
			name = Release;
		};
		4C9064E223A4430A001099C7 /* Debug */ = {
			isa = XCBuildConfiguration;
			buildSettings = {
				CODE_SIGN_STYLE = Automatic;
				DEVELOPMENT_TEAM = DHBZWL349Q;
				ENABLE_HARDENED_RUNTIME = YES;
				PRODUCT_NAME = "$(TARGET_NAME)";
				SWIFT_VERSION = 5.0;
			};
			name = Debug;
		};
		4C9064E323A4430A001099C7 /* Release */ = {
			isa = XCBuildConfiguration;
			buildSettings = {
				CODE_SIGN_STYLE = Automatic;
				DEVELOPMENT_TEAM = DHBZWL349Q;
				ENABLE_HARDENED_RUNTIME = YES;
				PRODUCT_NAME = "$(TARGET_NAME)";
				SWIFT_VERSION = 5.0;
			};
			name = Release;
		};
		4C9E7ECB2396CD0B00A49CF2 /* Debug */ = {
			isa = XCBuildConfiguration;
			buildSettings = {
				CODE_SIGN_IDENTITY = "-";
				CODE_SIGN_STYLE = Automatic;
				DEVELOPMENT_TEAM = DHBZWL349Q;
				ENABLE_HARDENED_RUNTIME = YES;
				PRODUCT_NAME = "$(TARGET_NAME)";
				SWIFT_VERSION = 5.0;
			};
			name = Debug;
		};
		4C9E7ECC2396CD0B00A49CF2 /* Release */ = {
			isa = XCBuildConfiguration;
			buildSettings = {
				CODE_SIGN_IDENTITY = "-";
				CODE_SIGN_STYLE = Automatic;
				DEVELOPMENT_TEAM = DHBZWL349Q;
				ENABLE_HARDENED_RUNTIME = YES;
				PRODUCT_NAME = "$(TARGET_NAME)";
				SWIFT_VERSION = 5.0;
			};
			name = Release;
		};
		4CA33E16239AC7040054FB5F /* Debug */ = {
			isa = XCBuildConfiguration;
			buildSettings = {
				CODE_SIGN_IDENTITY = "-";
				CODE_SIGN_STYLE = Automatic;
				DEVELOPMENT_TEAM = DHBZWL349Q;
				ENABLE_HARDENED_RUNTIME = YES;
				PRODUCT_NAME = "$(TARGET_NAME)";
				SWIFT_VERSION = 5.0;
			};
			name = Debug;
		};
		4CA33E17239AC7040054FB5F /* Release */ = {
			isa = XCBuildConfiguration;
			buildSettings = {
				CODE_SIGN_IDENTITY = "-";
				CODE_SIGN_STYLE = Automatic;
				DEVELOPMENT_TEAM = DHBZWL349Q;
				ENABLE_HARDENED_RUNTIME = YES;
				PRODUCT_NAME = "$(TARGET_NAME)";
				SWIFT_VERSION = 5.0;
			};
			name = Release;
		};
		4CA4B871239A982A00D21DF1 /* Debug */ = {
			isa = XCBuildConfiguration;
			buildSettings = {
				CODE_SIGN_IDENTITY = "-";
				CODE_SIGN_STYLE = Automatic;
				DEVELOPMENT_TEAM = DHBZWL349Q;
				ENABLE_HARDENED_RUNTIME = YES;
				PRODUCT_NAME = "$(TARGET_NAME)";
				SWIFT_VERSION = 5.0;
			};
			name = Debug;
		};
		4CA4B872239A982A00D21DF1 /* Release */ = {
			isa = XCBuildConfiguration;
			buildSettings = {
				CODE_SIGN_IDENTITY = "-";
				CODE_SIGN_STYLE = Automatic;
				DEVELOPMENT_TEAM = DHBZWL349Q;
				ENABLE_HARDENED_RUNTIME = YES;
				PRODUCT_NAME = "$(TARGET_NAME)";
				SWIFT_VERSION = 5.0;
			};
			name = Release;
		};
		4CAD62E4239CB9A90046B5FE /* Debug */ = {
			isa = XCBuildConfiguration;
			buildSettings = {
				CODE_SIGN_IDENTITY = "-";
				CODE_SIGN_STYLE = Automatic;
				DEVELOPMENT_TEAM = DHBZWL349Q;
				ENABLE_HARDENED_RUNTIME = YES;
				PRODUCT_NAME = "$(TARGET_NAME)";
				SWIFT_VERSION = 5.0;
			};
			name = Debug;
		};
		4CAD62E5239CB9A90046B5FE /* Release */ = {
			isa = XCBuildConfiguration;
			buildSettings = {
				CODE_SIGN_IDENTITY = "-";
				CODE_SIGN_STYLE = Automatic;
				DEVELOPMENT_TEAM = DHBZWL349Q;
				ENABLE_HARDENED_RUNTIME = YES;
				PRODUCT_NAME = "$(TARGET_NAME)";
				SWIFT_VERSION = 5.0;
			};
			name = Release;
		};
		4CB8ADCF23DC42B800B37310 /* Debug */ = {
			isa = XCBuildConfiguration;
			buildSettings = {
				CODE_SIGN_STYLE = Automatic;
				DEVELOPMENT_TEAM = DHBZWL349Q;
				ENABLE_HARDENED_RUNTIME = YES;
				PRODUCT_NAME = "$(TARGET_NAME)";
				SWIFT_VERSION = 5.0;
			};
			name = Debug;
		};
		4CB8ADD023DC42B800B37310 /* Release */ = {
			isa = XCBuildConfiguration;
			buildSettings = {
				CODE_SIGN_STYLE = Automatic;
				DEVELOPMENT_TEAM = DHBZWL349Q;
				ENABLE_HARDENED_RUNTIME = YES;
				PRODUCT_NAME = "$(TARGET_NAME)";
				SWIFT_VERSION = 5.0;
			};
			name = Release;
		};
		4CB8ADDD23DC44AE00B37310 /* Debug */ = {
			isa = XCBuildConfiguration;
			buildSettings = {
				CODE_SIGN_STYLE = Automatic;
				DEVELOPMENT_TEAM = DHBZWL349Q;
				ENABLE_HARDENED_RUNTIME = YES;
				PRODUCT_NAME = "$(TARGET_NAME)";
				SWIFT_VERSION = 5.0;
			};
			name = Debug;
		};
		4CB8ADDE23DC44AE00B37310 /* Release */ = {
			isa = XCBuildConfiguration;
			buildSettings = {
				CODE_SIGN_STYLE = Automatic;
				DEVELOPMENT_TEAM = DHBZWL349Q;
				ENABLE_HARDENED_RUNTIME = YES;
				PRODUCT_NAME = "$(TARGET_NAME)";
				SWIFT_VERSION = 5.0;
			};
			name = Release;
		};
		4CF427C523940FBE004CAD34 /* Debug */ = {
			isa = XCBuildConfiguration;
			buildSettings = {
				ALWAYS_SEARCH_USER_PATHS = NO;
				CLANG_ANALYZER_NONNULL = YES;
				CLANG_ANALYZER_NUMBER_OBJECT_CONVERSION = YES_AGGRESSIVE;
				CLANG_CXX_LANGUAGE_STANDARD = "gnu++14";
				CLANG_CXX_LIBRARY = "libc++";
				CLANG_ENABLE_MODULES = YES;
				CLANG_ENABLE_OBJC_ARC = YES;
				CLANG_ENABLE_OBJC_WEAK = YES;
				CLANG_WARN_BLOCK_CAPTURE_AUTORELEASING = YES;
				CLANG_WARN_BOOL_CONVERSION = YES;
				CLANG_WARN_COMMA = YES;
				CLANG_WARN_CONSTANT_CONVERSION = YES;
				CLANG_WARN_DEPRECATED_OBJC_IMPLEMENTATIONS = YES;
				CLANG_WARN_DIRECT_OBJC_ISA_USAGE = YES_ERROR;
				CLANG_WARN_DOCUMENTATION_COMMENTS = YES;
				CLANG_WARN_EMPTY_BODY = YES;
				CLANG_WARN_ENUM_CONVERSION = YES;
				CLANG_WARN_INFINITE_RECURSION = YES;
				CLANG_WARN_INT_CONVERSION = YES;
				CLANG_WARN_NON_LITERAL_NULL_CONVERSION = YES;
				CLANG_WARN_OBJC_IMPLICIT_RETAIN_SELF = YES;
				CLANG_WARN_OBJC_LITERAL_CONVERSION = YES;
				CLANG_WARN_OBJC_ROOT_CLASS = YES_ERROR;
				CLANG_WARN_RANGE_LOOP_ANALYSIS = YES;
				CLANG_WARN_STRICT_PROTOTYPES = YES;
				CLANG_WARN_SUSPICIOUS_MOVE = YES;
				CLANG_WARN_UNGUARDED_AVAILABILITY = YES_AGGRESSIVE;
				CLANG_WARN_UNREACHABLE_CODE = YES;
				CLANG_WARN__DUPLICATE_METHOD_MATCH = YES;
				COPY_PHASE_STRIP = NO;
				DEBUG_INFORMATION_FORMAT = dwarf;
				ENABLE_STRICT_OBJC_MSGSEND = YES;
				ENABLE_TESTABILITY = YES;
				GCC_C_LANGUAGE_STANDARD = gnu11;
				GCC_DYNAMIC_NO_PIC = NO;
				GCC_NO_COMMON_BLOCKS = YES;
				GCC_OPTIMIZATION_LEVEL = 0;
				GCC_PREPROCESSOR_DEFINITIONS = (
					"DEBUG=1",
					"$(inherited)",
				);
				GCC_WARN_64_TO_32_BIT_CONVERSION = YES;
				GCC_WARN_ABOUT_RETURN_TYPE = YES_ERROR;
				GCC_WARN_UNDECLARED_SELECTOR = YES;
				GCC_WARN_UNINITIALIZED_AUTOS = YES_AGGRESSIVE;
				GCC_WARN_UNUSED_FUNCTION = YES;
				GCC_WARN_UNUSED_VARIABLE = YES;
				MACOSX_DEPLOYMENT_TARGET = 10.15;
				MTL_ENABLE_DEBUG_INFO = INCLUDE_SOURCE;
				MTL_FAST_MATH = YES;
				ONLY_ACTIVE_ARCH = YES;
				SDKROOT = macosx;
				SWIFT_ACTIVE_COMPILATION_CONDITIONS = DEBUG;
				SWIFT_OPTIMIZATION_LEVEL = "-Onone";
			};
			name = Debug;
		};
		4CF427C623940FBE004CAD34 /* Release */ = {
			isa = XCBuildConfiguration;
			buildSettings = {
				ALWAYS_SEARCH_USER_PATHS = NO;
				CLANG_ANALYZER_NONNULL = YES;
				CLANG_ANALYZER_NUMBER_OBJECT_CONVERSION = YES_AGGRESSIVE;
				CLANG_CXX_LANGUAGE_STANDARD = "gnu++14";
				CLANG_CXX_LIBRARY = "libc++";
				CLANG_ENABLE_MODULES = YES;
				CLANG_ENABLE_OBJC_ARC = YES;
				CLANG_ENABLE_OBJC_WEAK = YES;
				CLANG_WARN_BLOCK_CAPTURE_AUTORELEASING = YES;
				CLANG_WARN_BOOL_CONVERSION = YES;
				CLANG_WARN_COMMA = YES;
				CLANG_WARN_CONSTANT_CONVERSION = YES;
				CLANG_WARN_DEPRECATED_OBJC_IMPLEMENTATIONS = YES;
				CLANG_WARN_DIRECT_OBJC_ISA_USAGE = YES_ERROR;
				CLANG_WARN_DOCUMENTATION_COMMENTS = YES;
				CLANG_WARN_EMPTY_BODY = YES;
				CLANG_WARN_ENUM_CONVERSION = YES;
				CLANG_WARN_INFINITE_RECURSION = YES;
				CLANG_WARN_INT_CONVERSION = YES;
				CLANG_WARN_NON_LITERAL_NULL_CONVERSION = YES;
				CLANG_WARN_OBJC_IMPLICIT_RETAIN_SELF = YES;
				CLANG_WARN_OBJC_LITERAL_CONVERSION = YES;
				CLANG_WARN_OBJC_ROOT_CLASS = YES_ERROR;
				CLANG_WARN_RANGE_LOOP_ANALYSIS = YES;
				CLANG_WARN_STRICT_PROTOTYPES = YES;
				CLANG_WARN_SUSPICIOUS_MOVE = YES;
				CLANG_WARN_UNGUARDED_AVAILABILITY = YES_AGGRESSIVE;
				CLANG_WARN_UNREACHABLE_CODE = YES;
				CLANG_WARN__DUPLICATE_METHOD_MATCH = YES;
				COPY_PHASE_STRIP = NO;
				DEBUG_INFORMATION_FORMAT = "dwarf-with-dsym";
				ENABLE_NS_ASSERTIONS = NO;
				ENABLE_STRICT_OBJC_MSGSEND = YES;
				GCC_C_LANGUAGE_STANDARD = gnu11;
				GCC_NO_COMMON_BLOCKS = YES;
				GCC_WARN_64_TO_32_BIT_CONVERSION = YES;
				GCC_WARN_ABOUT_RETURN_TYPE = YES_ERROR;
				GCC_WARN_UNDECLARED_SELECTOR = YES;
				GCC_WARN_UNINITIALIZED_AUTOS = YES_AGGRESSIVE;
				GCC_WARN_UNUSED_FUNCTION = YES;
				GCC_WARN_UNUSED_VARIABLE = YES;
				MACOSX_DEPLOYMENT_TARGET = 10.15;
				MTL_ENABLE_DEBUG_INFO = NO;
				MTL_FAST_MATH = YES;
				SDKROOT = macosx;
				SWIFT_COMPILATION_MODE = wholemodule;
				SWIFT_OPTIMIZATION_LEVEL = "-O";
			};
			name = Release;
		};
		4CF427C823940FBE004CAD34 /* Debug */ = {
			isa = XCBuildConfiguration;
			buildSettings = {
				CODE_SIGN_IDENTITY = "-";
				CODE_SIGN_STYLE = Automatic;
				DEVELOPMENT_TEAM = DHBZWL349Q;
				ENABLE_HARDENED_RUNTIME = YES;
				PRODUCT_NAME = "$(TARGET_NAME)";
				SWIFT_VERSION = 5.0;
			};
			name = Debug;
		};
		4CF427C923940FBE004CAD34 /* Release */ = {
			isa = XCBuildConfiguration;
			buildSettings = {
				CODE_SIGN_IDENTITY = "-";
				CODE_SIGN_STYLE = Automatic;
				DEVELOPMENT_TEAM = DHBZWL349Q;
				ENABLE_HARDENED_RUNTIME = YES;
				PRODUCT_NAME = "$(TARGET_NAME)";
				SWIFT_VERSION = 5.0;
			};
			name = Release;
		};
/* End XCBuildConfiguration section */

/* Begin XCConfigurationList section */
		4C119B1C23DCC76200223C7B /* Build configuration list for PBXNativeTarget "Day19" */ = {
			isa = XCConfigurationList;
			buildConfigurations = (
				4C119B1A23DCC76200223C7B /* Debug */,
				4C119B1B23DCC76200223C7B /* Release */,
			);
			defaultConfigurationIsVisible = 0;
			defaultConfigurationName = Release;
		};
		4C119B2723DCC95B00223C7B /* Build configuration list for PBXNativeTarget "Day20" */ = {
			isa = XCConfigurationList;
			buildConfigurations = (
				4C119B2823DCC95B00223C7B /* Debug */,
				4C119B2923DCC95B00223C7B /* Release */,
			);
			defaultConfigurationIsVisible = 0;
			defaultConfigurationName = Release;
		};
		4C119B3623DCCB0300223C7B /* Build configuration list for PBXNativeTarget "Day21" */ = {
			isa = XCConfigurationList;
			buildConfigurations = (
				4C119B3723DCCB0300223C7B /* Debug */,
				4C119B3823DCCB0300223C7B /* Release */,
			);
			defaultConfigurationIsVisible = 0;
			defaultConfigurationName = Release;
		};
		4C119B4323DCCCCB00223C7B /* Build configuration list for PBXNativeTarget "Day22" */ = {
			isa = XCConfigurationList;
			buildConfigurations = (
				4C119B4423DCCCCB00223C7B /* Debug */,
				4C119B4523DCCCCB00223C7B /* Release */,
			);
			defaultConfigurationIsVisible = 0;
			defaultConfigurationName = Release;
		};
		4C3369262398168F00CEA50D /* Build configuration list for PBXNativeTarget "Day04" */ = {
			isa = XCConfigurationList;
			buildConfigurations = (
				4C3369242398168F00CEA50D /* Debug */,
				4C3369252398168F00CEA50D /* Release */,
			);
			defaultConfigurationIsVisible = 0;
			defaultConfigurationName = Release;
		};
		4C49C87A239EA60200B9B23E /* Build configuration list for PBXNativeTarget "Day09" */ = {
			isa = XCConfigurationList;
			buildConfigurations = (
				4C49C878239EA60200B9B23E /* Debug */,
				4C49C879239EA60200B9B23E /* Release */,
			);
			defaultConfigurationIsVisible = 0;
			defaultConfigurationName = Release;
		};
		4C659D7A23AD3D5F003C138A /* Build configuration list for PBXNativeTarget "Day14" */ = {
			isa = XCConfigurationList;
			buildConfigurations = (
				4C659D7823AD3D5F003C138A /* Debug */,
				4C659D7923AD3D5F003C138A /* Release */,
			);
			defaultConfigurationIsVisible = 0;
			defaultConfigurationName = Release;
		};
		4C6AE3EE23B15FF300B450BF /* Build configuration list for PBXNativeTarget "Day15" */ = {
			isa = XCConfigurationList;
			buildConfigurations = (
				4C6AE3EC23B15FF300B450BF /* Debug */,
				4C6AE3ED23B15FF300B450BF /* Release */,
			);
			defaultConfigurationIsVisible = 0;
			defaultConfigurationName = Release;
		};
		4C7AF53023996CD600746AFC /* Build configuration list for PBXNativeTarget "Day05" */ = {
			isa = XCConfigurationList;
			buildConfigurations = (
				4C7AF52E23996CD600746AFC /* Debug */,
				4C7AF52F23996CD600746AFC /* Release */,
			);
			defaultConfigurationIsVisible = 0;
			defaultConfigurationName = Release;
		};
		4C7FD0EA239FFEB600422716 /* Build configuration list for PBXNativeTarget "Day10" */ = {
			isa = XCConfigurationList;
			buildConfigurations = (
				4C7FD0E8239FFEB600422716 /* Debug */,
				4C7FD0E9239FFEB600422716 /* Release */,
			);
			defaultConfigurationIsVisible = 0;
			defaultConfigurationName = Release;
		};
		4C861B5323956FDD00E71FB5 /* Build configuration list for PBXNativeTarget "Day02" */ = {
			isa = XCConfigurationList;
			buildConfigurations = (
				4C861B5123956FDD00E71FB5 /* Debug */,
				4C861B5223956FDD00E71FB5 /* Release */,
			);
			defaultConfigurationIsVisible = 0;
			defaultConfigurationName = Release;
		};
		4C8C52E923A964F400646C1E /* Build configuration list for PBXNativeTarget "Day12" */ = {
			isa = XCConfigurationList;
			buildConfigurations = (
				4C8C52E723A964F400646C1E /* Debug */,
				4C8C52E823A964F400646C1E /* Release */,
			);
			defaultConfigurationIsVisible = 0;
			defaultConfigurationName = Release;
		};
		4C8C52F223A9679400646C1E /* Build configuration list for PBXNativeTarget "Day13" */ = {
			isa = XCConfigurationList;
			buildConfigurations = (
				4C8C52F323A9679400646C1E /* Debug */,
				4C8C52F423A9679400646C1E /* Release */,
			);
			defaultConfigurationIsVisible = 0;
			defaultConfigurationName = Release;
		};
		4C9064E123A4430A001099C7 /* Build configuration list for PBXNativeTarget "Day11" */ = {
			isa = XCConfigurationList;
			buildConfigurations = (
				4C9064E223A4430A001099C7 /* Debug */,
				4C9064E323A4430A001099C7 /* Release */,
			);
			defaultConfigurationIsVisible = 0;
			defaultConfigurationName = Release;
		};
		4C9E7ECD2396CD0B00A49CF2 /* Build configuration list for PBXNativeTarget "Day03" */ = {
			isa = XCConfigurationList;
			buildConfigurations = (
				4C9E7ECB2396CD0B00A49CF2 /* Debug */,
				4C9E7ECC2396CD0B00A49CF2 /* Release */,
			);
			defaultConfigurationIsVisible = 0;
			defaultConfigurationName = Release;
		};
		4CA33E18239AC7040054FB5F /* Build configuration list for PBXNativeTarget "Day07" */ = {
			isa = XCConfigurationList;
			buildConfigurations = (
				4CA33E16239AC7040054FB5F /* Debug */,
				4CA33E17239AC7040054FB5F /* Release */,
			);
			defaultConfigurationIsVisible = 0;
			defaultConfigurationName = Release;
		};
		4CA4B873239A982A00D21DF1 /* Build configuration list for PBXNativeTarget "Day06" */ = {
			isa = XCConfigurationList;
			buildConfigurations = (
				4CA4B871239A982A00D21DF1 /* Debug */,
				4CA4B872239A982A00D21DF1 /* Release */,
			);
			defaultConfigurationIsVisible = 0;
			defaultConfigurationName = Release;
		};
		4CAD62E6239CB9A90046B5FE /* Build configuration list for PBXNativeTarget "Day08" */ = {
			isa = XCConfigurationList;
			buildConfigurations = (
				4CAD62E4239CB9A90046B5FE /* Debug */,
				4CAD62E5239CB9A90046B5FE /* Release */,
			);
			defaultConfigurationIsVisible = 0;
			defaultConfigurationName = Release;
		};
		4CB8ADD123DC42B800B37310 /* Build configuration list for PBXNativeTarget "Day16" */ = {
			isa = XCConfigurationList;
			buildConfigurations = (
				4CB8ADCF23DC42B800B37310 /* Debug */,
				4CB8ADD023DC42B800B37310 /* Release */,
			);
			defaultConfigurationIsVisible = 0;
			defaultConfigurationName = Release;
		};
		4CB8ADDC23DC44AE00B37310 /* Build configuration list for PBXNativeTarget "Day17" */ = {
			isa = XCConfigurationList;
			buildConfigurations = (
				4CB8ADDD23DC44AE00B37310 /* Debug */,
				4CB8ADDE23DC44AE00B37310 /* Release */,
			);
			defaultConfigurationIsVisible = 0;
			defaultConfigurationName = Release;
		};
		4CF427BB23940FBE004CAD34 /* Build configuration list for PBXProject "Advent of Code 2019" */ = {
			isa = XCConfigurationList;
			buildConfigurations = (
				4CF427C523940FBE004CAD34 /* Debug */,
				4CF427C623940FBE004CAD34 /* Release */,
			);
			defaultConfigurationIsVisible = 0;
			defaultConfigurationName = Release;
		};
		4CF427C723940FBE004CAD34 /* Build configuration list for PBXNativeTarget "Day01" */ = {
			isa = XCConfigurationList;
			buildConfigurations = (
				4CF427C823940FBE004CAD34 /* Debug */,
				4CF427C923940FBE004CAD34 /* Release */,
			);
			defaultConfigurationIsVisible = 0;
			defaultConfigurationName = Release;
		};
/* End XCConfigurationList section */
	};
	rootObject = 4CF427B823940FBE004CAD34 /* Project object */;
}
